PODS:
  - HGCircularSlider (2.0.0)
  - LoremIpsum-iOS (0.1.0)
  - RxAtomic (4.4.1)
  - RxCocoa (4.4.1):
    - RxSwift (~> 4.0)
  - RxKeyboard (0.9.0):
    - RxCocoa (>= 4.3.1)
    - RxSwift (>= 4.3.1)
  - RxSwift (4.4.1):
    - RxAtomic (~> 4.4)
  - Spring (1.0.6)
  - "UITextView+Placeholder (1.2.1)"

DEPENDENCIES:
  - HGCircularSlider
  - LoremIpsum-iOS
  - RxKeyboard
  - Spring (from `https://github.com/MengTo/Spring.git`)
  - "UITextView+Placeholder"

SPEC REPOS:
  https://github.com/cocoapods/specs.git:
    - HGCircularSlider
    - LoremIpsum-iOS
    - RxAtomic
    - RxCocoa
    - RxKeyboard
    - RxSwift
    - "UITextView+Placeholder"

EXTERNAL SOURCES:
  Spring:
    :git: https://github.com/MengTo/Spring.git

CHECKOUT OPTIONS:
  Spring:
    :commit: fafd0b2e8d4d46405bd86fa7ba84bb7f73a20b13
    :git: https://github.com/MengTo/Spring.git

SPEC CHECKSUMS:
  HGCircularSlider: 92e2ee098c814709f455b8f46cd9008147f6a869
  LoremIpsum-iOS: af893c224373862f1f4b4d12a92afab43501e745
  RxAtomic: f8d6adc1ccb87a767811269e4875887bc74dbf19
  RxCocoa: 2f35a76bf8887872e28a1914112395b11b8e0e64
  RxKeyboard: 4f782303f499f41577b41c96c6a9a5d7acd51a47
  RxSwift: 92fcf68dfef21f3e2ab1965363d9e7b3d787597e
  Spring: 3d113f14575ef79aec9c5f906dfa4f5001c03254
  "UITextView+Placeholder": 0c3efd97f37ea64bde7f34cc6e90fe02e87b3909

PODFILE CHECKSUM: 20a56ec20b02aabe56c2fa9c13ec8fef060b2216

COCOAPODS: 1.5.3
