PODS:
  - Google-Mobile-Ads-SDK (7.43.1):
    - GoogleAppMeasurement (~> 6.0)
  - GoogleAppMeasurement (6.0.0):
    - GoogleUtilities/AppDelegateSwizzler (~> 6.0)
    - GoogleUtilities/MethodSwizzler (~> 6.0)
    - GoogleUtilities/Network (~> 6.0)
    - "GoogleUtilities/NSData+zlib (~> 6.0)"
    - nanopb (~> 0.3)
  - GoogleUtilities/AppDelegateSwizzler (6.0.0):
    - GoogleUtilities/Environment
    - GoogleUtilities/Logger
    - GoogleUtilities/Network
  - GoogleUtilities/Environment (6.0.0)
  - GoogleUtilities/Logger (6.0.0):
    - GoogleUtilities/Environment
  - GoogleUtilities/MethodSwizzler (6.0.0):
    - GoogleUtilities/Logger
  - GoogleUtilities/Network (6.0.0):
    - GoogleUtilities/Logger
    - "GoogleUtilities/NSData+zlib"
    - GoogleUtilities/Reachability
  - "GoogleUtilities/NSData+zlib (6.0.0)"
  - GoogleUtilities/Reachability (6.0.0):
    - GoogleUtilities/Logger
  - HGCircularSlider (2.0.0)
  - LoremIpsum-iOS (0.1.0)
  - nanopb (0.3.901):
    - nanopb/decode (= 0.3.901)
    - nanopb/encode (= 0.3.901)
  - nanopb/decode (0.3.901)
  - nanopb/encode (0.3.901)
  - RxAtomic (4.4.1)
  - RxCocoa (4.4.1):
    - RxSwift (~> 4.0)
  - RxKeyboard (0.9.0):
    - RxCocoa (>= 4.3.1)
    - RxSwift (>= 4.3.1)
  - RxSwift (4.4.1):
    - RxAtomic (~> 4.4)
  - Spring (1.0.6)
  - "UITextView+Placeholder (1.2.1)"

DEPENDENCIES:
  - Google-Mobile-Ads-SDK
  - HGCircularSlider
  - LoremIpsum-iOS
  - RxCocoa
  - RxKeyboard
  - RxSwift
  - Spring (from `https://github.com/MengTo/Spring.git`)
  - "UITextView+Placeholder"

SPEC REPOS:
  https://github.com/cocoapods/specs.git:
    - Google-Mobile-Ads-SDK
    - GoogleAppMeasurement
    - GoogleUtilities
    - HGCircularSlider
    - LoremIpsum-iOS
    - nanopb
    - RxAtomic
    - RxCocoa
    - RxKeyboard
    - RxSwift
    - "UITextView+Placeholder"

EXTERNAL SOURCES:
  Spring:
    :git: https://github.com/MengTo/Spring.git

CHECKOUT OPTIONS:
  Spring:
    :commit: fafd0b2e8d4d46405bd86fa7ba84bb7f73a20b13
    :git: https://github.com/MengTo/Spring.git

SPEC CHECKSUMS:
  Google-Mobile-Ads-SDK: 9d3474acb70a6c12bfa69c9fe1ac28d7de8b9be9
  GoogleAppMeasurement: 7f028ea162b72c8f326daec74afc95d94f7a47d6
  GoogleUtilities: f1faafc033ea203adf1783ce00af455bb99d0e5b
  HGCircularSlider: 92e2ee098c814709f455b8f46cd9008147f6a869
  LoremIpsum-iOS: af893c224373862f1f4b4d12a92afab43501e745
  nanopb: 2901f78ea1b7b4015c860c2fdd1ea2fee1a18d48
  RxAtomic: f8d6adc1ccb87a767811269e4875887bc74dbf19
  RxCocoa: 2f35a76bf8887872e28a1914112395b11b8e0e64
  RxKeyboard: 4f782303f499f41577b41c96c6a9a5d7acd51a47
  RxSwift: 92fcf68dfef21f3e2ab1965363d9e7b3d787597e
  Spring: 3d113f14575ef79aec9c5f906dfa4f5001c03254
  "UITextView+Placeholder": 0c3efd97f37ea64bde7f34cc6e90fe02e87b3909

PODFILE CHECKSUM: 2af3ecec19e512dadaf9b5f05084dd30b59603e6

COCOAPODS: 1.5.3
