// !$*UTF8*$!
{
	archiveVersion = 1;
	classes = {
	};
	objectVersion = 50;
	objects = {

/* Begin PBXBuildFile section */
		043EBDCCB75E2648B8A0DFE7 /* Pods_PomodoroFoundation.framework in Frameworks */ = {isa = PBXBuildFile; fileRef = 7C6ED4FFC9FEC42EFEF23EA2 /* Pods_PomodoroFoundation.framework */; };
		05DF4762513D38F4CDA3DFE9 /* Pods_PomodoroSettings.framework in Frameworks */ = {isa = PBXBuildFile; fileRef = 34D45DD12ED7CDEE768CA16D /* Pods_PomodoroSettings.framework */; };
		08A257C018DB2A285D13C78D /* Pods_PomodoroUITests.framework in Frameworks */ = {isa = PBXBuildFile; fileRef = 3B232AA18176BBF4A01EF1D2 /* Pods_PomodoroUITests.framework */; };
		573947069AA98EF34B3762BD /* Pods_PomodoroTests.framework in Frameworks */ = {isa = PBXBuildFile; fileRef = 101F9904C4E8F233CC2A58C4 /* Pods_PomodoroTests.framework */; };
		6170770267831FBAF38C7916 /* Pods_Pomodoro.framework in Frameworks */ = {isa = PBXBuildFile; fileRef = 1D06ED7FDABD84071D13507A /* Pods_Pomodoro.framework */; };
		AB85875DAEB0C86F6C3B199F /* Pods_SettingsApp.framework in Frameworks */ = {isa = PBXBuildFile; fileRef = 0830BEE4EDED18599049A33F /* Pods_SettingsApp.framework */; };
		F0843CA421CE5AD900EDB65F /* AppDelegate.swift in Sources */ = {isa = PBXBuildFile; fileRef = F0843CA321CE5AD900EDB65F /* AppDelegate.swift */; };
		F0843CA621CE5AD900EDB65F /* TimerViewController.swift in Sources */ = {isa = PBXBuildFile; fileRef = F0843CA521CE5AD900EDB65F /* TimerViewController.swift */; };
		F0843CA921CE5AD900EDB65F /* Main.storyboard in Resources */ = {isa = PBXBuildFile; fileRef = F0843CA721CE5AD900EDB65F /* Main.storyboard */; };
		F0843CAC21CE5AD900EDB65F /* Pomodoro.xcdatamodeld in Sources */ = {isa = PBXBuildFile; fileRef = F0843CAA21CE5AD900EDB65F /* Pomodoro.xcdatamodeld */; };
		F0843CAE21CE5ADA00EDB65F /* Assets.xcassets in Resources */ = {isa = PBXBuildFile; fileRef = F0843CAD21CE5ADA00EDB65F /* Assets.xcassets */; };
		F0843CB121CE5ADA00EDB65F /* LaunchScreen.storyboard in Resources */ = {isa = PBXBuildFile; fileRef = F0843CAF21CE5ADA00EDB65F /* LaunchScreen.storyboard */; };
		F0843CBC21CE5ADA00EDB65F /* PomodoroTests.swift in Sources */ = {isa = PBXBuildFile; fileRef = F0843CBB21CE5ADA00EDB65F /* PomodoroTests.swift */; };
		F0843CC721CE5ADA00EDB65F /* PomodoroUITests.swift in Sources */ = {isa = PBXBuildFile; fileRef = F0843CC621CE5ADA00EDB65F /* PomodoroUITests.swift */; };
		F087250E21CF1264007EB27F /* DesignableView.swift in Sources */ = {isa = PBXBuildFile; fileRef = F087250D21CF1264007EB27F /* DesignableView.swift */; };
		F087252921CF6719007EB27F /* PomodoroFoundation.framework in Frameworks */ = {isa = PBXBuildFile; fileRef = F087252021CF6719007EB27F /* PomodoroFoundation.framework */; };
		F087253021CF6719007EB27F /* FocusIntervalTests.swift in Sources */ = {isa = PBXBuildFile; fileRef = F087252F21CF6719007EB27F /* FocusIntervalTests.swift */; };
		F087253221CF6719007EB27F /* PomodoroFoundation.h in Headers */ = {isa = PBXBuildFile; fileRef = F087252221CF6719007EB27F /* PomodoroFoundation.h */; settings = {ATTRIBUTES = (Public, ); }; };
		F087253521CF6719007EB27F /* PomodoroFoundation.framework in Frameworks */ = {isa = PBXBuildFile; fileRef = F087252021CF6719007EB27F /* PomodoroFoundation.framework */; };
		F087253621CF6719007EB27F /* PomodoroFoundation.framework in Embed Frameworks */ = {isa = PBXBuildFile; fileRef = F087252021CF6719007EB27F /* PomodoroFoundation.framework */; settings = {ATTRIBUTES = (CodeSignOnCopy, RemoveHeadersOnCopy, ); }; };
		F087253E21CF6731007EB27F /* Interval.swift in Sources */ = {isa = PBXBuildFile; fileRef = F087251121CF5E8A007EB27F /* Interval.swift */; };
		F087253F21CF6731007EB27F /* PermissionManager.swift in Sources */ = {isa = PBXBuildFile; fileRef = F087251521CF6204007EB27F /* PermissionManager.swift */; };
		F087254021CF6731007EB27F /* NSObject+Extension.swift in Sources */ = {isa = PBXBuildFile; fileRef = F087251321CF5FAE007EB27F /* NSObject+Extension.swift */; };
		F087254121CF6731007EB27F /* FocusInterval.swift in Sources */ = {isa = PBXBuildFile; fileRef = F087251721CF6227007EB27F /* FocusInterval.swift */; };
		F087254221CF6731007EB27F /* BreakInterval.swift in Sources */ = {isa = PBXBuildFile; fileRef = F087251921CF6579007EB27F /* BreakInterval.swift */; };
		F087254421CF6CB0007EB27F /* BreakIntervalTests.swift in Sources */ = {isa = PBXBuildFile; fileRef = F087254321CF6CB0007EB27F /* BreakIntervalTests.swift */; };
		F087254621CF6DFD007EB27F /* NSObjectExtensionTests.swift in Sources */ = {isa = PBXBuildFile; fileRef = F087254521CF6DFD007EB27F /* NSObjectExtensionTests.swift */; };
		F087254C21CF8259007EB27F /* Assets.xcassets in Resources */ = {isa = PBXBuildFile; fileRef = F0843CAD21CE5ADA00EDB65F /* Assets.xcassets */; };
		F0880A9C21D67EE7008AE79F /* NotificationManager.swift in Sources */ = {isa = PBXBuildFile; fileRef = F0880A9B21D67EE7008AE79F /* NotificationManager.swift */; };
		F0880A9E21D71FBD008AE79F /* LongBreakInterval.swift in Sources */ = {isa = PBXBuildFile; fileRef = F0880A9D21D71FBD008AE79F /* LongBreakInterval.swift */; };
		F0880AA021D7277F008AE79F /* LongBreakIntervalTests.swift in Sources */ = {isa = PBXBuildFile; fileRef = F0880A9F21D7277F008AE79F /* LongBreakIntervalTests.swift */; };
		F0880AA221D72AB3008AE79F /* NotificationManagerTests.swift in Sources */ = {isa = PBXBuildFile; fileRef = F0880AA121D72AB3008AE79F /* NotificationManagerTests.swift */; };
		F0880AA321D72DD2008AE79F /* StandardTime.swift in Sources */ = {isa = PBXBuildFile; fileRef = F09422E921D2476600134C63 /* StandardTime.swift */; };
		F0880AA521D72DE6008AE79F /* StandardTimeTests.swift in Sources */ = {isa = PBXBuildFile; fileRef = F0880AA421D72DE6008AE79F /* StandardTimeTests.swift */; };
		F09422EC21D2F60700134C63 /* TimerViewController+Extension.swift in Sources */ = {isa = PBXBuildFile; fileRef = F09422EB21D2F60700134C63 /* TimerViewController+Extension.swift */; };
		F0D89DD321D8D1DA0011A0B7 /* Double+Extension.swift in Sources */ = {isa = PBXBuildFile; fileRef = F0D89DC921D88C020011A0B7 /* Double+Extension.swift */; };
		F0D89DD421D8D2690011A0B7 /* UserDefault+Extension.swift in Sources */ = {isa = PBXBuildFile; fileRef = F0D89DCB21D899160011A0B7 /* UserDefault+Extension.swift */; };
		F0D89DE321D8D32B0011A0B7 /* PomodoroSettings.framework in Frameworks */ = {isa = PBXBuildFile; fileRef = F0D89DDA21D8D32B0011A0B7 /* PomodoroSettings.framework */; };
		F0D89DEA21D8D32B0011A0B7 /* PomodoroSettingsTests.swift in Sources */ = {isa = PBXBuildFile; fileRef = F0D89DE921D8D32B0011A0B7 /* PomodoroSettingsTests.swift */; };
		F0D89DEC21D8D32B0011A0B7 /* PomodoroSettings.h in Headers */ = {isa = PBXBuildFile; fileRef = F0D89DDC21D8D32B0011A0B7 /* PomodoroSettings.h */; settings = {ATTRIBUTES = (Public, ); }; };
		F0D89DEF21D8D32B0011A0B7 /* PomodoroSettings.framework in Frameworks */ = {isa = PBXBuildFile; fileRef = F0D89DDA21D8D32B0011A0B7 /* PomodoroSettings.framework */; };
		F0D89DF021D8D32B0011A0B7 /* PomodoroSettings.framework in Embed Frameworks */ = {isa = PBXBuildFile; fileRef = F0D89DDA21D8D32B0011A0B7 /* PomodoroSettings.framework */; settings = {ATTRIBUTES = (CodeSignOnCopy, RemoveHeadersOnCopy, ); }; };
		F0D89DF721D8D3460011A0B7 /* PickerUpdater.swift in Sources */ = {isa = PBXBuildFile; fileRef = F0D89DCF21D8CF4A0011A0B7 /* PickerUpdater.swift */; };
		F0D89DF821D8D3580011A0B7 /* SettingsTableViewController.swift in Sources */ = {isa = PBXBuildFile; fileRef = F0D89DC321D741840011A0B7 /* SettingsTableViewController.swift */; };
		F0D89DF921D8D3650011A0B7 /* PickerViewController.swift in Sources */ = {isa = PBXBuildFile; fileRef = F0D89DC521D7B5CE0011A0B7 /* PickerViewController.swift */; };
		F0D89DFA21D8D36B0011A0B7 /* SettingCell.swift in Sources */ = {isa = PBXBuildFile; fileRef = F0D89DC721D87BA10011A0B7 /* SettingCell.swift */; };
		F0D89DFB21D8D5E40011A0B7 /* SettingContent.swift in Sources */ = {isa = PBXBuildFile; fileRef = F0D89DD121D8D1BA0011A0B7 /* SettingContent.swift */; };
		F0D89DFD21D8D5F80011A0B7 /* UserDefaults+Extension.swift in Sources */ = {isa = PBXBuildFile; fileRef = F0D89DFC21D8D5F80011A0B7 /* UserDefaults+Extension.swift */; };
		F0D89E0521D8D6D80011A0B7 /* AppDelegate.swift in Sources */ = {isa = PBXBuildFile; fileRef = F0D89E0421D8D6D80011A0B7 /* AppDelegate.swift */; };
		F0D89E0721D8D6D80011A0B7 /* ViewController.swift in Sources */ = {isa = PBXBuildFile; fileRef = F0D89E0621D8D6D80011A0B7 /* ViewController.swift */; };
		F0D89E0A21D8D6D80011A0B7 /* Settings.storyboard in Resources */ = {isa = PBXBuildFile; fileRef = F0D89E0821D8D6D80011A0B7 /* Settings.storyboard */; };
		F0D89E0C21D8D6DA0011A0B7 /* Assets.xcassets in Resources */ = {isa = PBXBuildFile; fileRef = F0D89E0B21D8D6DA0011A0B7 /* Assets.xcassets */; };
		F0D89E0F21D8D6DA0011A0B7 /* LaunchScreen.storyboard in Resources */ = {isa = PBXBuildFile; fileRef = F0D89E0D21D8D6DA0011A0B7 /* LaunchScreen.storyboard */; };
		F0D89E2521D8D6DA0011A0B7 /* SettingsAppUITests.swift in Sources */ = {isa = PBXBuildFile; fileRef = F0D89E2421D8D6DA0011A0B7 /* SettingsAppUITests.swift */; };
		F0D89E3021D8D7170011A0B7 /* Settings.storyboard in Resources */ = {isa = PBXBuildFile; fileRef = F0D89E0821D8D6D80011A0B7 /* Settings.storyboard */; };
		F0D89E3121D8D7D90011A0B7 /* PomodoroFoundation.framework in Frameworks */ = {isa = PBXBuildFile; fileRef = F087252021CF6719007EB27F /* PomodoroFoundation.framework */; };
		F0D89E3221D8D7D90011A0B7 /* PomodoroFoundation.framework in Embed Frameworks */ = {isa = PBXBuildFile; fileRef = F087252021CF6719007EB27F /* PomodoroFoundation.framework */; settings = {ATTRIBUTES = (CodeSignOnCopy, RemoveHeadersOnCopy, ); }; };
		F0D89E3521D8D7D90011A0B7 /* PomodoroSettings.framework in Frameworks */ = {isa = PBXBuildFile; fileRef = F0D89DDA21D8D32B0011A0B7 /* PomodoroSettings.framework */; };
		F0D89E3621D8D7D90011A0B7 /* PomodoroSettings.framework in Embed Frameworks */ = {isa = PBXBuildFile; fileRef = F0D89DDA21D8D32B0011A0B7 /* PomodoroSettings.framework */; settings = {ATTRIBUTES = (CodeSignOnCopy, RemoveHeadersOnCopy, ); }; };
/* End PBXBuildFile section */

/* Begin PBXContainerItemProxy section */
		F0843CB821CE5ADA00EDB65F /* PBXContainerItemProxy */ = {
			isa = PBXContainerItemProxy;
			containerPortal = F0843C9821CE5AD900EDB65F /* Project object */;
			proxyType = 1;
			remoteGlobalIDString = F0843C9F21CE5AD900EDB65F;
			remoteInfo = Pomodoro;
		};
		F0843CC321CE5ADA00EDB65F /* PBXContainerItemProxy */ = {
			isa = PBXContainerItemProxy;
			containerPortal = F0843C9821CE5AD900EDB65F /* Project object */;
			proxyType = 1;
			remoteGlobalIDString = F0843C9F21CE5AD900EDB65F;
			remoteInfo = Pomodoro;
		};
		F087252A21CF6719007EB27F /* PBXContainerItemProxy */ = {
			isa = PBXContainerItemProxy;
			containerPortal = F0843C9821CE5AD900EDB65F /* Project object */;
			proxyType = 1;
			remoteGlobalIDString = F087251F21CF6719007EB27F;
			remoteInfo = PomodoroFoundation;
		};
		F087252C21CF6719007EB27F /* PBXContainerItemProxy */ = {
			isa = PBXContainerItemProxy;
			containerPortal = F0843C9821CE5AD900EDB65F /* Project object */;
			proxyType = 1;
			remoteGlobalIDString = F0843C9F21CE5AD900EDB65F;
			remoteInfo = Pomodoro;
		};
		F087253321CF6719007EB27F /* PBXContainerItemProxy */ = {
			isa = PBXContainerItemProxy;
			containerPortal = F0843C9821CE5AD900EDB65F /* Project object */;
			proxyType = 1;
			remoteGlobalIDString = F087251F21CF6719007EB27F;
			remoteInfo = PomodoroFoundation;
		};
		F0D89DE421D8D32B0011A0B7 /* PBXContainerItemProxy */ = {
			isa = PBXContainerItemProxy;
			containerPortal = F0843C9821CE5AD900EDB65F /* Project object */;
			proxyType = 1;
			remoteGlobalIDString = F0D89DD921D8D32B0011A0B7;
			remoteInfo = PomodoroSettings;
		};
		F0D89DE621D8D32B0011A0B7 /* PBXContainerItemProxy */ = {
			isa = PBXContainerItemProxy;
			containerPortal = F0843C9821CE5AD900EDB65F /* Project object */;
			proxyType = 1;
			remoteGlobalIDString = F0843C9F21CE5AD900EDB65F;
			remoteInfo = Pomodoro;
		};
		F0D89DED21D8D32B0011A0B7 /* PBXContainerItemProxy */ = {
			isa = PBXContainerItemProxy;
			containerPortal = F0843C9821CE5AD900EDB65F /* Project object */;
			proxyType = 1;
			remoteGlobalIDString = F0D89DD921D8D32B0011A0B7;
			remoteInfo = PomodoroSettings;
		};
		F0D89E2121D8D6DA0011A0B7 /* PBXContainerItemProxy */ = {
			isa = PBXContainerItemProxy;
			containerPortal = F0843C9821CE5AD900EDB65F /* Project object */;
			proxyType = 1;
			remoteGlobalIDString = F0D89E0121D8D6D80011A0B7;
			remoteInfo = SettingsApp;
		};
		F0D89E3321D8D7D90011A0B7 /* PBXContainerItemProxy */ = {
			isa = PBXContainerItemProxy;
			containerPortal = F0843C9821CE5AD900EDB65F /* Project object */;
			proxyType = 1;
			remoteGlobalIDString = F087251F21CF6719007EB27F;
			remoteInfo = PomodoroFoundation;
		};
		F0D89E3721D8D7D90011A0B7 /* PBXContainerItemProxy */ = {
			isa = PBXContainerItemProxy;
			containerPortal = F0843C9821CE5AD900EDB65F /* Project object */;
			proxyType = 1;
			remoteGlobalIDString = F0D89DD921D8D32B0011A0B7;
			remoteInfo = PomodoroSettings;
		};
/* End PBXContainerItemProxy section */

/* Begin PBXCopyFilesBuildPhase section */
		F087253A21CF6719007EB27F /* Embed Frameworks */ = {
			isa = PBXCopyFilesBuildPhase;
			buildActionMask = 2147483647;
			dstPath = "";
			dstSubfolderSpec = 10;
			files = (
				F0D89DF021D8D32B0011A0B7 /* PomodoroSettings.framework in Embed Frameworks */,
				F087253621CF6719007EB27F /* PomodoroFoundation.framework in Embed Frameworks */,
			);
			name = "Embed Frameworks";
			runOnlyForDeploymentPostprocessing = 0;
		};
		F0D89E3921D8D7D90011A0B7 /* Embed Frameworks */ = {
			isa = PBXCopyFilesBuildPhase;
			buildActionMask = 2147483647;
			dstPath = "";
			dstSubfolderSpec = 10;
			files = (
				F0D89E3621D8D7D90011A0B7 /* PomodoroSettings.framework in Embed Frameworks */,
				F0D89E3221D8D7D90011A0B7 /* PomodoroFoundation.framework in Embed Frameworks */,
			);
			name = "Embed Frameworks";
			runOnlyForDeploymentPostprocessing = 0;
		};
/* End PBXCopyFilesBuildPhase section */

/* Begin PBXFileReference section */
		02171224FC74EEF6AE046A70 /* Pods-PomodoroTests.release.xcconfig */ = {isa = PBXFileReference; includeInIndex = 1; lastKnownFileType = text.xcconfig; name = "Pods-PomodoroTests.release.xcconfig"; path = "Pods/Target Support Files/Pods-PomodoroTests/Pods-PomodoroTests.release.xcconfig"; sourceTree = "<group>"; };
		05656D574EB3E24F37264C42 /* Pods-PomodoroSettings.debug.xcconfig */ = {isa = PBXFileReference; includeInIndex = 1; lastKnownFileType = text.xcconfig; name = "Pods-PomodoroSettings.debug.xcconfig"; path = "Pods/Target Support Files/Pods-PomodoroSettings/Pods-PomodoroSettings.debug.xcconfig"; sourceTree = "<group>"; };
		0830BEE4EDED18599049A33F /* Pods_SettingsApp.framework */ = {isa = PBXFileReference; explicitFileType = wrapper.framework; includeInIndex = 0; path = Pods_SettingsApp.framework; sourceTree = BUILT_PRODUCTS_DIR; };
		101F9904C4E8F233CC2A58C4 /* Pods_PomodoroTests.framework */ = {isa = PBXFileReference; explicitFileType = wrapper.framework; includeInIndex = 0; path = Pods_PomodoroTests.framework; sourceTree = BUILT_PRODUCTS_DIR; };
		1D06ED7FDABD84071D13507A /* Pods_Pomodoro.framework */ = {isa = PBXFileReference; explicitFileType = wrapper.framework; includeInIndex = 0; path = Pods_Pomodoro.framework; sourceTree = BUILT_PRODUCTS_DIR; };
		34D45DD12ED7CDEE768CA16D /* Pods_PomodoroSettings.framework */ = {isa = PBXFileReference; explicitFileType = wrapper.framework; includeInIndex = 0; path = Pods_PomodoroSettings.framework; sourceTree = BUILT_PRODUCTS_DIR; };
		3B232AA18176BBF4A01EF1D2 /* Pods_PomodoroUITests.framework */ = {isa = PBXFileReference; explicitFileType = wrapper.framework; includeInIndex = 0; path = Pods_PomodoroUITests.framework; sourceTree = BUILT_PRODUCTS_DIR; };
		404297A8360FE5548B149134 /* Pods-Pomodoro.release.xcconfig */ = {isa = PBXFileReference; includeInIndex = 1; lastKnownFileType = text.xcconfig; name = "Pods-Pomodoro.release.xcconfig"; path = "Pods/Target Support Files/Pods-Pomodoro/Pods-Pomodoro.release.xcconfig"; sourceTree = "<group>"; };
		64CBD454E2A56E9A3E7F00E2 /* Pods-PomodoroFoundation.release.xcconfig */ = {isa = PBXFileReference; includeInIndex = 1; lastKnownFileType = text.xcconfig; name = "Pods-PomodoroFoundation.release.xcconfig"; path = "Pods/Target Support Files/Pods-PomodoroFoundation/Pods-PomodoroFoundation.release.xcconfig"; sourceTree = "<group>"; };
		744E9710F12782374B9F251F /* Pods-SettingsApp.debug.xcconfig */ = {isa = PBXFileReference; includeInIndex = 1; lastKnownFileType = text.xcconfig; name = "Pods-SettingsApp.debug.xcconfig"; path = "Pods/Target Support Files/Pods-SettingsApp/Pods-SettingsApp.debug.xcconfig"; sourceTree = "<group>"; };
		7C6ED4FFC9FEC42EFEF23EA2 /* Pods_PomodoroFoundation.framework */ = {isa = PBXFileReference; explicitFileType = wrapper.framework; includeInIndex = 0; path = Pods_PomodoroFoundation.framework; sourceTree = BUILT_PRODUCTS_DIR; };
		AB6CDA9D8D9D3A7E836A205C /* Pods-PomodoroUITests.debug.xcconfig */ = {isa = PBXFileReference; includeInIndex = 1; lastKnownFileType = text.xcconfig; name = "Pods-PomodoroUITests.debug.xcconfig"; path = "Pods/Target Support Files/Pods-PomodoroUITests/Pods-PomodoroUITests.debug.xcconfig"; sourceTree = "<group>"; };
		C8F1430DB452919F67A53A2C /* Pods-Pomodoro.debug.xcconfig */ = {isa = PBXFileReference; includeInIndex = 1; lastKnownFileType = text.xcconfig; name = "Pods-Pomodoro.debug.xcconfig"; path = "Pods/Target Support Files/Pods-Pomodoro/Pods-Pomodoro.debug.xcconfig"; sourceTree = "<group>"; };
		CD57ABA303B8C406A0690B5A /* Pods-PomodoroTests.debug.xcconfig */ = {isa = PBXFileReference; includeInIndex = 1; lastKnownFileType = text.xcconfig; name = "Pods-PomodoroTests.debug.xcconfig"; path = "Pods/Target Support Files/Pods-PomodoroTests/Pods-PomodoroTests.debug.xcconfig"; sourceTree = "<group>"; };
		D2DA2121686A49505BF6A637 /* Pods-PomodoroUITests.release.xcconfig */ = {isa = PBXFileReference; includeInIndex = 1; lastKnownFileType = text.xcconfig; name = "Pods-PomodoroUITests.release.xcconfig"; path = "Pods/Target Support Files/Pods-PomodoroUITests/Pods-PomodoroUITests.release.xcconfig"; sourceTree = "<group>"; };
		D7C15C8413C987C653EF257D /* Pods-PomodoroSettings.release.xcconfig */ = {isa = PBXFileReference; includeInIndex = 1; lastKnownFileType = text.xcconfig; name = "Pods-PomodoroSettings.release.xcconfig"; path = "Pods/Target Support Files/Pods-PomodoroSettings/Pods-PomodoroSettings.release.xcconfig"; sourceTree = "<group>"; };
		D8C23AD2B0B8500DE144002D /* Pods-SettingsApp.release.xcconfig */ = {isa = PBXFileReference; includeInIndex = 1; lastKnownFileType = text.xcconfig; name = "Pods-SettingsApp.release.xcconfig"; path = "Pods/Target Support Files/Pods-SettingsApp/Pods-SettingsApp.release.xcconfig"; sourceTree = "<group>"; };
		F062E091F87C7DF1C6874B27 /* Pods-PomodoroFoundation.debug.xcconfig */ = {isa = PBXFileReference; includeInIndex = 1; lastKnownFileType = text.xcconfig; name = "Pods-PomodoroFoundation.debug.xcconfig"; path = "Pods/Target Support Files/Pods-PomodoroFoundation/Pods-PomodoroFoundation.debug.xcconfig"; sourceTree = "<group>"; };
		F0843CA021CE5AD900EDB65F /* Pomodoro.app */ = {isa = PBXFileReference; explicitFileType = wrapper.application; includeInIndex = 0; path = Pomodoro.app; sourceTree = BUILT_PRODUCTS_DIR; };
		F0843CA321CE5AD900EDB65F /* AppDelegate.swift */ = {isa = PBXFileReference; lastKnownFileType = sourcecode.swift; path = AppDelegate.swift; sourceTree = "<group>"; };
		F0843CA521CE5AD900EDB65F /* TimerViewController.swift */ = {isa = PBXFileReference; lastKnownFileType = sourcecode.swift; path = TimerViewController.swift; sourceTree = "<group>"; };
		F0843CA821CE5AD900EDB65F /* Base */ = {isa = PBXFileReference; lastKnownFileType = file.storyboard; name = Base; path = Base.lproj/Main.storyboard; sourceTree = "<group>"; };
		F0843CAB21CE5AD900EDB65F /* Pomodoro.xcdatamodel */ = {isa = PBXFileReference; lastKnownFileType = wrapper.xcdatamodel; path = Pomodoro.xcdatamodel; sourceTree = "<group>"; };
		F0843CAD21CE5ADA00EDB65F /* Assets.xcassets */ = {isa = PBXFileReference; lastKnownFileType = folder.assetcatalog; path = Assets.xcassets; sourceTree = "<group>"; };
		F0843CB021CE5ADA00EDB65F /* Base */ = {isa = PBXFileReference; lastKnownFileType = file.storyboard; name = Base; path = Base.lproj/LaunchScreen.storyboard; sourceTree = "<group>"; };
		F0843CB221CE5ADA00EDB65F /* Info.plist */ = {isa = PBXFileReference; lastKnownFileType = text.plist.xml; path = Info.plist; sourceTree = "<group>"; };
		F0843CB721CE5ADA00EDB65F /* PomodoroTests.xctest */ = {isa = PBXFileReference; explicitFileType = wrapper.cfbundle; includeInIndex = 0; path = PomodoroTests.xctest; sourceTree = BUILT_PRODUCTS_DIR; };
		F0843CBB21CE5ADA00EDB65F /* PomodoroTests.swift */ = {isa = PBXFileReference; lastKnownFileType = sourcecode.swift; path = PomodoroTests.swift; sourceTree = "<group>"; };
		F0843CBD21CE5ADA00EDB65F /* Info.plist */ = {isa = PBXFileReference; lastKnownFileType = text.plist.xml; path = Info.plist; sourceTree = "<group>"; };
		F0843CC221CE5ADA00EDB65F /* PomodoroUITests.xctest */ = {isa = PBXFileReference; explicitFileType = wrapper.cfbundle; includeInIndex = 0; path = PomodoroUITests.xctest; sourceTree = BUILT_PRODUCTS_DIR; };
		F0843CC621CE5ADA00EDB65F /* PomodoroUITests.swift */ = {isa = PBXFileReference; lastKnownFileType = sourcecode.swift; path = PomodoroUITests.swift; sourceTree = "<group>"; };
		F0843CC821CE5ADA00EDB65F /* Info.plist */ = {isa = PBXFileReference; lastKnownFileType = text.plist.xml; path = Info.plist; sourceTree = "<group>"; };
		F087250D21CF1264007EB27F /* DesignableView.swift */ = {isa = PBXFileReference; lastKnownFileType = sourcecode.swift; path = DesignableView.swift; sourceTree = "<group>"; };
		F087251121CF5E8A007EB27F /* Interval.swift */ = {isa = PBXFileReference; lastKnownFileType = sourcecode.swift; path = Interval.swift; sourceTree = "<group>"; };
		F087251321CF5FAE007EB27F /* NSObject+Extension.swift */ = {isa = PBXFileReference; lastKnownFileType = sourcecode.swift; path = "NSObject+Extension.swift"; sourceTree = "<group>"; };
		F087251521CF6204007EB27F /* PermissionManager.swift */ = {isa = PBXFileReference; lastKnownFileType = sourcecode.swift; path = PermissionManager.swift; sourceTree = "<group>"; };
		F087251721CF6227007EB27F /* FocusInterval.swift */ = {isa = PBXFileReference; lastKnownFileType = sourcecode.swift; path = FocusInterval.swift; sourceTree = "<group>"; };
		F087251921CF6579007EB27F /* BreakInterval.swift */ = {isa = PBXFileReference; lastKnownFileType = sourcecode.swift; path = BreakInterval.swift; sourceTree = "<group>"; };
		F087252021CF6719007EB27F /* PomodoroFoundation.framework */ = {isa = PBXFileReference; explicitFileType = wrapper.framework; includeInIndex = 0; path = PomodoroFoundation.framework; sourceTree = BUILT_PRODUCTS_DIR; };
		F087252221CF6719007EB27F /* PomodoroFoundation.h */ = {isa = PBXFileReference; lastKnownFileType = sourcecode.c.h; path = PomodoroFoundation.h; sourceTree = "<group>"; };
		F087252321CF6719007EB27F /* Info.plist */ = {isa = PBXFileReference; lastKnownFileType = text.plist.xml; path = Info.plist; sourceTree = "<group>"; };
		F087252821CF6719007EB27F /* PomodoroFoundationTests.xctest */ = {isa = PBXFileReference; explicitFileType = wrapper.cfbundle; includeInIndex = 0; path = PomodoroFoundationTests.xctest; sourceTree = BUILT_PRODUCTS_DIR; };
		F087252F21CF6719007EB27F /* FocusIntervalTests.swift */ = {isa = PBXFileReference; lastKnownFileType = sourcecode.swift; path = FocusIntervalTests.swift; sourceTree = "<group>"; };
		F087253121CF6719007EB27F /* Info.plist */ = {isa = PBXFileReference; lastKnownFileType = text.plist.xml; path = Info.plist; sourceTree = "<group>"; };
		F087254321CF6CB0007EB27F /* BreakIntervalTests.swift */ = {isa = PBXFileReference; lastKnownFileType = sourcecode.swift; path = BreakIntervalTests.swift; sourceTree = "<group>"; };
		F087254521CF6DFD007EB27F /* NSObjectExtensionTests.swift */ = {isa = PBXFileReference; lastKnownFileType = sourcecode.swift; path = NSObjectExtensionTests.swift; sourceTree = "<group>"; };
		F0880A9B21D67EE7008AE79F /* NotificationManager.swift */ = {isa = PBXFileReference; lastKnownFileType = sourcecode.swift; path = NotificationManager.swift; sourceTree = "<group>"; };
		F0880A9D21D71FBD008AE79F /* LongBreakInterval.swift */ = {isa = PBXFileReference; lastKnownFileType = sourcecode.swift; path = LongBreakInterval.swift; sourceTree = "<group>"; };
		F0880A9F21D7277F008AE79F /* LongBreakIntervalTests.swift */ = {isa = PBXFileReference; lastKnownFileType = sourcecode.swift; path = LongBreakIntervalTests.swift; sourceTree = "<group>"; };
		F0880AA121D72AB3008AE79F /* NotificationManagerTests.swift */ = {isa = PBXFileReference; lastKnownFileType = sourcecode.swift; path = NotificationManagerTests.swift; sourceTree = "<group>"; };
		F0880AA421D72DE6008AE79F /* StandardTimeTests.swift */ = {isa = PBXFileReference; lastKnownFileType = sourcecode.swift; path = StandardTimeTests.swift; sourceTree = "<group>"; };
		F09422E921D2476600134C63 /* StandardTime.swift */ = {isa = PBXFileReference; lastKnownFileType = sourcecode.swift; path = StandardTime.swift; sourceTree = "<group>"; };
		F09422EB21D2F60700134C63 /* TimerViewController+Extension.swift */ = {isa = PBXFileReference; lastKnownFileType = sourcecode.swift; path = "TimerViewController+Extension.swift"; sourceTree = "<group>"; };
		F0D89DC321D741840011A0B7 /* SettingsTableViewController.swift */ = {isa = PBXFileReference; lastKnownFileType = sourcecode.swift; path = SettingsTableViewController.swift; sourceTree = "<group>"; };
		F0D89DC521D7B5CE0011A0B7 /* PickerViewController.swift */ = {isa = PBXFileReference; lastKnownFileType = sourcecode.swift; path = PickerViewController.swift; sourceTree = "<group>"; };
		F0D89DC721D87BA10011A0B7 /* SettingCell.swift */ = {isa = PBXFileReference; lastKnownFileType = sourcecode.swift; path = SettingCell.swift; sourceTree = "<group>"; };
		F0D89DC921D88C020011A0B7 /* Double+Extension.swift */ = {isa = PBXFileReference; lastKnownFileType = sourcecode.swift; path = "Double+Extension.swift"; sourceTree = "<group>"; };
		F0D89DCB21D899160011A0B7 /* UserDefault+Extension.swift */ = {isa = PBXFileReference; lastKnownFileType = sourcecode.swift; path = "UserDefault+Extension.swift"; sourceTree = "<group>"; };
		F0D89DCF21D8CF4A0011A0B7 /* PickerUpdater.swift */ = {isa = PBXFileReference; lastKnownFileType = sourcecode.swift; path = PickerUpdater.swift; sourceTree = "<group>"; };
		F0D89DD121D8D1BA0011A0B7 /* SettingContent.swift */ = {isa = PBXFileReference; lastKnownFileType = sourcecode.swift; path = SettingContent.swift; sourceTree = "<group>"; };
		F0D89DDA21D8D32B0011A0B7 /* PomodoroSettings.framework */ = {isa = PBXFileReference; explicitFileType = wrapper.framework; includeInIndex = 0; path = PomodoroSettings.framework; sourceTree = BUILT_PRODUCTS_DIR; };
		F0D89DDC21D8D32B0011A0B7 /* PomodoroSettings.h */ = {isa = PBXFileReference; lastKnownFileType = sourcecode.c.h; path = PomodoroSettings.h; sourceTree = "<group>"; };
		F0D89DDD21D8D32B0011A0B7 /* Info.plist */ = {isa = PBXFileReference; lastKnownFileType = text.plist.xml; path = Info.plist; sourceTree = "<group>"; };
		F0D89DE221D8D32B0011A0B7 /* PomodoroSettingsTests.xctest */ = {isa = PBXFileReference; explicitFileType = wrapper.cfbundle; includeInIndex = 0; path = PomodoroSettingsTests.xctest; sourceTree = BUILT_PRODUCTS_DIR; };
		F0D89DE921D8D32B0011A0B7 /* PomodoroSettingsTests.swift */ = {isa = PBXFileReference; lastKnownFileType = sourcecode.swift; path = PomodoroSettingsTests.swift; sourceTree = "<group>"; };
		F0D89DEB21D8D32B0011A0B7 /* Info.plist */ = {isa = PBXFileReference; lastKnownFileType = text.plist.xml; path = Info.plist; sourceTree = "<group>"; };
		F0D89DFC21D8D5F80011A0B7 /* UserDefaults+Extension.swift */ = {isa = PBXFileReference; lastKnownFileType = sourcecode.swift; path = "UserDefaults+Extension.swift"; sourceTree = "<group>"; };
		F0D89E0221D8D6D80011A0B7 /* SettingsApp.app */ = {isa = PBXFileReference; explicitFileType = wrapper.application; includeInIndex = 0; path = SettingsApp.app; sourceTree = BUILT_PRODUCTS_DIR; };
		F0D89E0421D8D6D80011A0B7 /* AppDelegate.swift */ = {isa = PBXFileReference; lastKnownFileType = sourcecode.swift; path = AppDelegate.swift; sourceTree = "<group>"; };
		F0D89E0621D8D6D80011A0B7 /* ViewController.swift */ = {isa = PBXFileReference; lastKnownFileType = sourcecode.swift; path = ViewController.swift; sourceTree = "<group>"; };
		F0D89E0921D8D6D80011A0B7 /* Base */ = {isa = PBXFileReference; lastKnownFileType = file.storyboard; name = Base; path = Base.lproj/Settings.storyboard; sourceTree = "<group>"; };
		F0D89E0B21D8D6DA0011A0B7 /* Assets.xcassets */ = {isa = PBXFileReference; lastKnownFileType = folder.assetcatalog; path = Assets.xcassets; sourceTree = "<group>"; };
		F0D89E0E21D8D6DA0011A0B7 /* Base */ = {isa = PBXFileReference; lastKnownFileType = file.storyboard; name = Base; path = Base.lproj/LaunchScreen.storyboard; sourceTree = "<group>"; };
		F0D89E1021D8D6DA0011A0B7 /* Info.plist */ = {isa = PBXFileReference; lastKnownFileType = text.plist.xml; path = Info.plist; sourceTree = "<group>"; };
		F0D89E2021D8D6DA0011A0B7 /* SettingsAppUITests.xctest */ = {isa = PBXFileReference; explicitFileType = wrapper.cfbundle; includeInIndex = 0; path = SettingsAppUITests.xctest; sourceTree = BUILT_PRODUCTS_DIR; };
		F0D89E2421D8D6DA0011A0B7 /* SettingsAppUITests.swift */ = {isa = PBXFileReference; lastKnownFileType = sourcecode.swift; path = SettingsAppUITests.swift; sourceTree = "<group>"; };
		F0D89E2621D8D6DA0011A0B7 /* Info.plist */ = {isa = PBXFileReference; lastKnownFileType = text.plist.xml; path = Info.plist; sourceTree = "<group>"; };
/* End PBXFileReference section */

/* Begin PBXFrameworksBuildPhase section */
		F0843C9D21CE5AD900EDB65F /* Frameworks */ = {
			isa = PBXFrameworksBuildPhase;
			buildActionMask = 2147483647;
			files = (
				F0D89DEF21D8D32B0011A0B7 /* PomodoroSettings.framework in Frameworks */,
				F087253521CF6719007EB27F /* PomodoroFoundation.framework in Frameworks */,
				6170770267831FBAF38C7916 /* Pods_Pomodoro.framework in Frameworks */,
			);
			runOnlyForDeploymentPostprocessing = 0;
		};
		F0843CB421CE5ADA00EDB65F /* Frameworks */ = {
			isa = PBXFrameworksBuildPhase;
			buildActionMask = 2147483647;
			files = (
				573947069AA98EF34B3762BD /* Pods_PomodoroTests.framework in Frameworks */,
			);
			runOnlyForDeploymentPostprocessing = 0;
		};
		F0843CBF21CE5ADA00EDB65F /* Frameworks */ = {
			isa = PBXFrameworksBuildPhase;
			buildActionMask = 2147483647;
			files = (
				08A257C018DB2A285D13C78D /* Pods_PomodoroUITests.framework in Frameworks */,
			);
			runOnlyForDeploymentPostprocessing = 0;
		};
		F087251D21CF6719007EB27F /* Frameworks */ = {
			isa = PBXFrameworksBuildPhase;
			buildActionMask = 2147483647;
			files = (
				043EBDCCB75E2648B8A0DFE7 /* Pods_PomodoroFoundation.framework in Frameworks */,
			);
			runOnlyForDeploymentPostprocessing = 0;
		};
		F087252521CF6719007EB27F /* Frameworks */ = {
			isa = PBXFrameworksBuildPhase;
			buildActionMask = 2147483647;
			files = (
				F087252921CF6719007EB27F /* PomodoroFoundation.framework in Frameworks */,
			);
			runOnlyForDeploymentPostprocessing = 0;
		};
		F0D89DD721D8D32B0011A0B7 /* Frameworks */ = {
			isa = PBXFrameworksBuildPhase;
			buildActionMask = 2147483647;
			files = (
				05DF4762513D38F4CDA3DFE9 /* Pods_PomodoroSettings.framework in Frameworks */,
			);
			runOnlyForDeploymentPostprocessing = 0;
		};
		F0D89DDF21D8D32B0011A0B7 /* Frameworks */ = {
			isa = PBXFrameworksBuildPhase;
			buildActionMask = 2147483647;
			files = (
				F0D89DE321D8D32B0011A0B7 /* PomodoroSettings.framework in Frameworks */,
			);
			runOnlyForDeploymentPostprocessing = 0;
		};
		F0D89DFF21D8D6D80011A0B7 /* Frameworks */ = {
			isa = PBXFrameworksBuildPhase;
			buildActionMask = 2147483647;
			files = (
				F0D89E3521D8D7D90011A0B7 /* PomodoroSettings.framework in Frameworks */,
				F0D89E3121D8D7D90011A0B7 /* PomodoroFoundation.framework in Frameworks */,
				AB85875DAEB0C86F6C3B199F /* Pods_SettingsApp.framework in Frameworks */,
			);
			runOnlyForDeploymentPostprocessing = 0;
		};
		F0D89E1D21D8D6DA0011A0B7 /* Frameworks */ = {
			isa = PBXFrameworksBuildPhase;
			buildActionMask = 2147483647;
			files = (
			);
			runOnlyForDeploymentPostprocessing = 0;
		};
/* End PBXFrameworksBuildPhase section */

/* Begin PBXGroup section */
		647AC616D0FE392B89E1E767 /* Frameworks */ = {
			isa = PBXGroup;
			children = (
				1D06ED7FDABD84071D13507A /* Pods_Pomodoro.framework */,
				101F9904C4E8F233CC2A58C4 /* Pods_PomodoroTests.framework */,
				3B232AA18176BBF4A01EF1D2 /* Pods_PomodoroUITests.framework */,
				7C6ED4FFC9FEC42EFEF23EA2 /* Pods_PomodoroFoundation.framework */,
				0830BEE4EDED18599049A33F /* Pods_SettingsApp.framework */,
				34D45DD12ED7CDEE768CA16D /* Pods_PomodoroSettings.framework */,
			);
			name = Frameworks;
			sourceTree = "<group>";
		};
		F0843C9721CE5AD900EDB65F = {
			isa = PBXGroup;
			children = (
				F0843CA221CE5AD900EDB65F /* Pomodoro */,
				F0843CBA21CE5ADA00EDB65F /* PomodoroTests */,
				F0843CC521CE5ADA00EDB65F /* PomodoroUITests */,
				F087252121CF6719007EB27F /* PomodoroFoundation */,
				F087252E21CF6719007EB27F /* PomodoroFoundationTests */,
				F0D89DDB21D8D32B0011A0B7 /* PomodoroSettings */,
				F0D89DE821D8D32B0011A0B7 /* PomodoroSettingsTests */,
				F0D89E0321D8D6D80011A0B7 /* SettingsApp */,
				F0D89E2321D8D6DA0011A0B7 /* SettingsAppUITests */,
				F0843CA121CE5AD900EDB65F /* Products */,
				FFD2E382A03C8A4D78114878 /* Pods */,
				647AC616D0FE392B89E1E767 /* Frameworks */,
			);
			sourceTree = "<group>";
		};
		F0843CA121CE5AD900EDB65F /* Products */ = {
			isa = PBXGroup;
			children = (
				F0843CA021CE5AD900EDB65F /* Pomodoro.app */,
				F0843CB721CE5ADA00EDB65F /* PomodoroTests.xctest */,
				F0843CC221CE5ADA00EDB65F /* PomodoroUITests.xctest */,
				F087252021CF6719007EB27F /* PomodoroFoundation.framework */,
				F087252821CF6719007EB27F /* PomodoroFoundationTests.xctest */,
				F0D89DDA21D8D32B0011A0B7 /* PomodoroSettings.framework */,
				F0D89DE221D8D32B0011A0B7 /* PomodoroSettingsTests.xctest */,
				F0D89E0221D8D6D80011A0B7 /* SettingsApp.app */,
				F0D89E2021D8D6DA0011A0B7 /* SettingsAppUITests.xctest */,
			);
			name = Products;
			sourceTree = "<group>";
		};
		F0843CA221CE5AD900EDB65F /* Pomodoro */ = {
			isa = PBXGroup;
			children = (
				F0843CA321CE5AD900EDB65F /* AppDelegate.swift */,
				F0843CA521CE5AD900EDB65F /* TimerViewController.swift */,
				F09422EB21D2F60700134C63 /* TimerViewController+Extension.swift */,
				F087250D21CF1264007EB27F /* DesignableView.swift */,
				F0843CA721CE5AD900EDB65F /* Main.storyboard */,
				F0843CAD21CE5ADA00EDB65F /* Assets.xcassets */,
				F0843CAF21CE5ADA00EDB65F /* LaunchScreen.storyboard */,
				F0843CB221CE5ADA00EDB65F /* Info.plist */,
				F0843CAA21CE5AD900EDB65F /* Pomodoro.xcdatamodeld */,
			);
			path = Pomodoro;
			sourceTree = "<group>";
		};
		F0843CBA21CE5ADA00EDB65F /* PomodoroTests */ = {
			isa = PBXGroup;
			children = (
				F0843CBB21CE5ADA00EDB65F /* PomodoroTests.swift */,
				F0843CBD21CE5ADA00EDB65F /* Info.plist */,
			);
			path = PomodoroTests;
			sourceTree = "<group>";
		};
		F0843CC521CE5ADA00EDB65F /* PomodoroUITests */ = {
			isa = PBXGroup;
			children = (
				F0843CC621CE5ADA00EDB65F /* PomodoroUITests.swift */,
				F0843CC821CE5ADA00EDB65F /* Info.plist */,
			);
			path = PomodoroUITests;
			sourceTree = "<group>";
		};
		F087252121CF6719007EB27F /* PomodoroFoundation */ = {
			isa = PBXGroup;
			children = (
				F087254921CF7192007EB27F /* Interval */,
				F087251521CF6204007EB27F /* PermissionManager.swift */,
				F0D89DC921D88C020011A0B7 /* Double+Extension.swift */,
				F0D89DCB21D899160011A0B7 /* UserDefault+Extension.swift */,
				F09422E921D2476600134C63 /* StandardTime.swift */,
				F0880A9B21D67EE7008AE79F /* NotificationManager.swift */,
				F087251321CF5FAE007EB27F /* NSObject+Extension.swift */,
				F087252221CF6719007EB27F /* PomodoroFoundation.h */,
				F087252321CF6719007EB27F /* Info.plist */,
			);
			path = PomodoroFoundation;
			sourceTree = "<group>";
		};
		F087252E21CF6719007EB27F /* PomodoroFoundationTests */ = {
			isa = PBXGroup;
			children = (
				F087252F21CF6719007EB27F /* FocusIntervalTests.swift */,
				F087254321CF6CB0007EB27F /* BreakIntervalTests.swift */,
				F0880A9F21D7277F008AE79F /* LongBreakIntervalTests.swift */,
				F0880AA121D72AB3008AE79F /* NotificationManagerTests.swift */,
				F087254521CF6DFD007EB27F /* NSObjectExtensionTests.swift */,
				F087253121CF6719007EB27F /* Info.plist */,
				F0880AA421D72DE6008AE79F /* StandardTimeTests.swift */,
			);
			path = PomodoroFoundationTests;
			sourceTree = "<group>";
		};
		F087254921CF7192007EB27F /* Interval */ = {
			isa = PBXGroup;
			children = (
				F087251121CF5E8A007EB27F /* Interval.swift */,
				F087251721CF6227007EB27F /* FocusInterval.swift */,
				F087251921CF6579007EB27F /* BreakInterval.swift */,
				F0880A9D21D71FBD008AE79F /* LongBreakInterval.swift */,
			);
			path = Interval;
			sourceTree = "<group>";
		};
		F0D89DDB21D8D32B0011A0B7 /* PomodoroSettings */ = {
			isa = PBXGroup;
			children = (
				F0D89DD121D8D1BA0011A0B7 /* SettingContent.swift */,
				F0D89DFC21D8D5F80011A0B7 /* UserDefaults+Extension.swift */,
				F0D89DCF21D8CF4A0011A0B7 /* PickerUpdater.swift */,
				F0D89DC521D7B5CE0011A0B7 /* PickerViewController.swift */,
				F0D89DC321D741840011A0B7 /* SettingsTableViewController.swift */,
				F0D89DC721D87BA10011A0B7 /* SettingCell.swift */,
				F0D89DDC21D8D32B0011A0B7 /* PomodoroSettings.h */,
				F0D89DDD21D8D32B0011A0B7 /* Info.plist */,
			);
			path = PomodoroSettings;
			sourceTree = "<group>";
		};
		F0D89DE821D8D32B0011A0B7 /* PomodoroSettingsTests */ = {
			isa = PBXGroup;
			children = (
				F0D89DE921D8D32B0011A0B7 /* PomodoroSettingsTests.swift */,
				F0D89DEB21D8D32B0011A0B7 /* Info.plist */,
			);
			path = PomodoroSettingsTests;
			sourceTree = "<group>";
		};
		F0D89E0321D8D6D80011A0B7 /* SettingsApp */ = {
			isa = PBXGroup;
			children = (
				F0D89E0421D8D6D80011A0B7 /* AppDelegate.swift */,
				F0D89E0621D8D6D80011A0B7 /* ViewController.swift */,
				F0D89E0821D8D6D80011A0B7 /* Settings.storyboard */,
				F0D89E0B21D8D6DA0011A0B7 /* Assets.xcassets */,
				F0D89E0D21D8D6DA0011A0B7 /* LaunchScreen.storyboard */,
				F0D89E1021D8D6DA0011A0B7 /* Info.plist */,
			);
			path = SettingsApp;
			sourceTree = "<group>";
		};
		F0D89E2321D8D6DA0011A0B7 /* SettingsAppUITests */ = {
			isa = PBXGroup;
			children = (
				F0D89E2421D8D6DA0011A0B7 /* SettingsAppUITests.swift */,
				F0D89E2621D8D6DA0011A0B7 /* Info.plist */,
			);
			path = SettingsAppUITests;
			sourceTree = "<group>";
		};
		FFD2E382A03C8A4D78114878 /* Pods */ = {
			isa = PBXGroup;
			children = (
				C8F1430DB452919F67A53A2C /* Pods-Pomodoro.debug.xcconfig */,
				404297A8360FE5548B149134 /* Pods-Pomodoro.release.xcconfig */,
				CD57ABA303B8C406A0690B5A /* Pods-PomodoroTests.debug.xcconfig */,
				02171224FC74EEF6AE046A70 /* Pods-PomodoroTests.release.xcconfig */,
				AB6CDA9D8D9D3A7E836A205C /* Pods-PomodoroUITests.debug.xcconfig */,
				D2DA2121686A49505BF6A637 /* Pods-PomodoroUITests.release.xcconfig */,
				F062E091F87C7DF1C6874B27 /* Pods-PomodoroFoundation.debug.xcconfig */,
				64CBD454E2A56E9A3E7F00E2 /* Pods-PomodoroFoundation.release.xcconfig */,
				744E9710F12782374B9F251F /* Pods-SettingsApp.debug.xcconfig */,
				D8C23AD2B0B8500DE144002D /* Pods-SettingsApp.release.xcconfig */,
				05656D574EB3E24F37264C42 /* Pods-PomodoroSettings.debug.xcconfig */,
				D7C15C8413C987C653EF257D /* Pods-PomodoroSettings.release.xcconfig */,
			);
			name = Pods;
			sourceTree = "<group>";
		};
/* End PBXGroup section */

/* Begin PBXHeadersBuildPhase section */
		F087251B21CF6719007EB27F /* Headers */ = {
			isa = PBXHeadersBuildPhase;
			buildActionMask = 2147483647;
			files = (
				F087253221CF6719007EB27F /* PomodoroFoundation.h in Headers */,
			);
			runOnlyForDeploymentPostprocessing = 0;
		};
		F0D89DD521D8D32B0011A0B7 /* Headers */ = {
			isa = PBXHeadersBuildPhase;
			buildActionMask = 2147483647;
			files = (
				F0D89DEC21D8D32B0011A0B7 /* PomodoroSettings.h in Headers */,
			);
			runOnlyForDeploymentPostprocessing = 0;
		};
/* End PBXHeadersBuildPhase section */

/* Begin PBXNativeTarget section */
		F0843C9F21CE5AD900EDB65F /* Pomodoro */ = {
			isa = PBXNativeTarget;
			buildConfigurationList = F0843CCB21CE5ADA00EDB65F /* Build configuration list for PBXNativeTarget "Pomodoro" */;
			buildPhases = (
				35AD3BBBE690CB94B9637F79 /* [CP] Check Pods Manifest.lock */,
				F0843C9C21CE5AD900EDB65F /* Sources */,
				F0843C9D21CE5AD900EDB65F /* Frameworks */,
				F0843C9E21CE5AD900EDB65F /* Resources */,
				273C800FE47BD77708704944 /* [CP] Embed Pods Frameworks */,
				F087253A21CF6719007EB27F /* Embed Frameworks */,
			);
			buildRules = (
			);
			dependencies = (
				F087253421CF6719007EB27F /* PBXTargetDependency */,
				F0D89DEE21D8D32B0011A0B7 /* PBXTargetDependency */,
			);
			name = Pomodoro;
			productName = Pomodoro;
			productReference = F0843CA021CE5AD900EDB65F /* Pomodoro.app */;
			productType = "com.apple.product-type.application";
		};
		F0843CB621CE5ADA00EDB65F /* PomodoroTests */ = {
			isa = PBXNativeTarget;
			buildConfigurationList = F0843CCE21CE5ADA00EDB65F /* Build configuration list for PBXNativeTarget "PomodoroTests" */;
			buildPhases = (
				30F0913A8AD4B7DE2EF838DE /* [CP] Check Pods Manifest.lock */,
				F0843CB321CE5ADA00EDB65F /* Sources */,
				F0843CB421CE5ADA00EDB65F /* Frameworks */,
				F0843CB521CE5ADA00EDB65F /* Resources */,
			);
			buildRules = (
			);
			dependencies = (
				F0843CB921CE5ADA00EDB65F /* PBXTargetDependency */,
			);
			name = PomodoroTests;
			productName = PomodoroTests;
			productReference = F0843CB721CE5ADA00EDB65F /* PomodoroTests.xctest */;
			productType = "com.apple.product-type.bundle.unit-test";
		};
		F0843CC121CE5ADA00EDB65F /* PomodoroUITests */ = {
			isa = PBXNativeTarget;
			buildConfigurationList = F0843CD121CE5ADA00EDB65F /* Build configuration list for PBXNativeTarget "PomodoroUITests" */;
			buildPhases = (
				F3C295728816B44AF24A382A /* [CP] Check Pods Manifest.lock */,
				F0843CBE21CE5ADA00EDB65F /* Sources */,
				F0843CBF21CE5ADA00EDB65F /* Frameworks */,
				F0843CC021CE5ADA00EDB65F /* Resources */,
			);
			buildRules = (
			);
			dependencies = (
				F0843CC421CE5ADA00EDB65F /* PBXTargetDependency */,
			);
			name = PomodoroUITests;
			productName = PomodoroUITests;
			productReference = F0843CC221CE5ADA00EDB65F /* PomodoroUITests.xctest */;
			productType = "com.apple.product-type.bundle.ui-testing";
		};
		F087251F21CF6719007EB27F /* PomodoroFoundation */ = {
			isa = PBXNativeTarget;
			buildConfigurationList = F087253721CF6719007EB27F /* Build configuration list for PBXNativeTarget "PomodoroFoundation" */;
			buildPhases = (
				49CD4773C8A682B4466CDCBC /* [CP] Check Pods Manifest.lock */,
				F087251B21CF6719007EB27F /* Headers */,
				F087251C21CF6719007EB27F /* Sources */,
				F087251D21CF6719007EB27F /* Frameworks */,
				F087251E21CF6719007EB27F /* Resources */,
			);
			buildRules = (
			);
			dependencies = (
			);
			name = PomodoroFoundation;
			productName = PomodoroFoundation;
			productReference = F087252021CF6719007EB27F /* PomodoroFoundation.framework */;
			productType = "com.apple.product-type.framework";
		};
		F087252721CF6719007EB27F /* PomodoroFoundationTests */ = {
			isa = PBXNativeTarget;
			buildConfigurationList = F087253B21CF6719007EB27F /* Build configuration list for PBXNativeTarget "PomodoroFoundationTests" */;
			buildPhases = (
				F087252421CF6719007EB27F /* Sources */,
				F087252521CF6719007EB27F /* Frameworks */,
				F087252621CF6719007EB27F /* Resources */,
			);
			buildRules = (
			);
			dependencies = (
				F087252B21CF6719007EB27F /* PBXTargetDependency */,
				F087252D21CF6719007EB27F /* PBXTargetDependency */,
			);
			name = PomodoroFoundationTests;
			productName = PomodoroFoundationTests;
			productReference = F087252821CF6719007EB27F /* PomodoroFoundationTests.xctest */;
			productType = "com.apple.product-type.bundle.unit-test";
		};
		F0D89DD921D8D32B0011A0B7 /* PomodoroSettings */ = {
			isa = PBXNativeTarget;
			buildConfigurationList = F0D89DF121D8D32B0011A0B7 /* Build configuration list for PBXNativeTarget "PomodoroSettings" */;
			buildPhases = (
				7A52294821814EA221E1CAA0 /* [CP] Check Pods Manifest.lock */,
				F0D89DD521D8D32B0011A0B7 /* Headers */,
				F0D89DD621D8D32B0011A0B7 /* Sources */,
				F0D89DD721D8D32B0011A0B7 /* Frameworks */,
				F0D89DD821D8D32B0011A0B7 /* Resources */,
			);
			buildRules = (
			);
			dependencies = (
			);
			name = PomodoroSettings;
			productName = PomodoroSettings;
			productReference = F0D89DDA21D8D32B0011A0B7 /* PomodoroSettings.framework */;
			productType = "com.apple.product-type.framework";
		};
		F0D89DE121D8D32B0011A0B7 /* PomodoroSettingsTests */ = {
			isa = PBXNativeTarget;
			buildConfigurationList = F0D89DF421D8D32B0011A0B7 /* Build configuration list for PBXNativeTarget "PomodoroSettingsTests" */;
			buildPhases = (
				F0D89DDE21D8D32B0011A0B7 /* Sources */,
				F0D89DDF21D8D32B0011A0B7 /* Frameworks */,
				F0D89DE021D8D32B0011A0B7 /* Resources */,
			);
			buildRules = (
			);
			dependencies = (
				F0D89DE521D8D32B0011A0B7 /* PBXTargetDependency */,
				F0D89DE721D8D32B0011A0B7 /* PBXTargetDependency */,
			);
			name = PomodoroSettingsTests;
			productName = PomodoroSettingsTests;
			productReference = F0D89DE221D8D32B0011A0B7 /* PomodoroSettingsTests.xctest */;
			productType = "com.apple.product-type.bundle.unit-test";
		};
		F0D89E0121D8D6D80011A0B7 /* SettingsApp */ = {
			isa = PBXNativeTarget;
			buildConfigurationList = F0D89E2721D8D6DA0011A0B7 /* Build configuration list for PBXNativeTarget "SettingsApp" */;
			buildPhases = (
				2AC7450BFC8EAD539C8C3829 /* [CP] Check Pods Manifest.lock */,
				F0D89DFE21D8D6D80011A0B7 /* Sources */,
				F0D89DFF21D8D6D80011A0B7 /* Frameworks */,
				F0D89E0021D8D6D80011A0B7 /* Resources */,
				F0D89E3921D8D7D90011A0B7 /* Embed Frameworks */,
				BA4BD362B718B0FF87768459 /* [CP] Embed Pods Frameworks */,
			);
			buildRules = (
			);
			dependencies = (
				F0D89E3421D8D7D90011A0B7 /* PBXTargetDependency */,
				F0D89E3821D8D7D90011A0B7 /* PBXTargetDependency */,
			);
			name = SettingsApp;
			productName = SettingsApp;
			productReference = F0D89E0221D8D6D80011A0B7 /* SettingsApp.app */;
			productType = "com.apple.product-type.application";
		};
		F0D89E1F21D8D6DA0011A0B7 /* SettingsAppUITests */ = {
			isa = PBXNativeTarget;
			buildConfigurationList = F0D89E2D21D8D6DA0011A0B7 /* Build configuration list for PBXNativeTarget "SettingsAppUITests" */;
			buildPhases = (
				F0D89E1C21D8D6DA0011A0B7 /* Sources */,
				F0D89E1D21D8D6DA0011A0B7 /* Frameworks */,
				F0D89E1E21D8D6DA0011A0B7 /* Resources */,
			);
			buildRules = (
			);
			dependencies = (
				F0D89E2221D8D6DA0011A0B7 /* PBXTargetDependency */,
			);
			name = SettingsAppUITests;
			productName = SettingsAppUITests;
			productReference = F0D89E2021D8D6DA0011A0B7 /* SettingsAppUITests.xctest */;
			productType = "com.apple.product-type.bundle.ui-testing";
		};
/* End PBXNativeTarget section */

/* Begin PBXProject section */
		F0843C9821CE5AD900EDB65F /* Project object */ = {
			isa = PBXProject;
			attributes = {
				LastSwiftUpdateCheck = 1010;
				LastUpgradeCheck = 1010;
				ORGANIZATIONNAME = Sungdoo;
				TargetAttributes = {
					F0843C9F21CE5AD900EDB65F = {
						CreatedOnToolsVersion = 10.1;
					};
					F0843CB621CE5ADA00EDB65F = {
						CreatedOnToolsVersion = 10.1;
						TestTargetID = F0843C9F21CE5AD900EDB65F;
					};
					F0843CC121CE5ADA00EDB65F = {
						CreatedOnToolsVersion = 10.1;
						TestTargetID = F0843C9F21CE5AD900EDB65F;
					};
					F087251F21CF6719007EB27F = {
						CreatedOnToolsVersion = 10.1;
					};
					F087252721CF6719007EB27F = {
						CreatedOnToolsVersion = 10.1;
						TestTargetID = F0843C9F21CE5AD900EDB65F;
					};
					F0D89DD921D8D32B0011A0B7 = {
						CreatedOnToolsVersion = 10.1;
					};
					F0D89DE121D8D32B0011A0B7 = {
						CreatedOnToolsVersion = 10.1;
						TestTargetID = F0843C9F21CE5AD900EDB65F;
					};
					F0D89E0121D8D6D80011A0B7 = {
						CreatedOnToolsVersion = 10.1;
					};
					F0D89E1F21D8D6DA0011A0B7 = {
						CreatedOnToolsVersion = 10.1;
						TestTargetID = F0D89E0121D8D6D80011A0B7;
					};
				};
			};
			buildConfigurationList = F0843C9B21CE5AD900EDB65F /* Build configuration list for PBXProject "Pomodoro" */;
			compatibilityVersion = "Xcode 9.3";
			developmentRegion = en;
			hasScannedForEncodings = 0;
			knownRegions = (
				en,
				Base,
			);
			mainGroup = F0843C9721CE5AD900EDB65F;
			productRefGroup = F0843CA121CE5AD900EDB65F /* Products */;
			projectDirPath = "";
			projectRoot = "";
			targets = (
				F0843C9F21CE5AD900EDB65F /* Pomodoro */,
				F0843CB621CE5ADA00EDB65F /* PomodoroTests */,
				F0843CC121CE5ADA00EDB65F /* PomodoroUITests */,
				F087251F21CF6719007EB27F /* PomodoroFoundation */,
				F087252721CF6719007EB27F /* PomodoroFoundationTests */,
				F0D89DD921D8D32B0011A0B7 /* PomodoroSettings */,
				F0D89DE121D8D32B0011A0B7 /* PomodoroSettingsTests */,
				F0D89E0121D8D6D80011A0B7 /* SettingsApp */,
				F0D89E1F21D8D6DA0011A0B7 /* SettingsAppUITests */,
			);
		};
/* End PBXProject section */

/* Begin PBXResourcesBuildPhase section */
		F0843C9E21CE5AD900EDB65F /* Resources */ = {
			isa = PBXResourcesBuildPhase;
			buildActionMask = 2147483647;
			files = (
				F0843CB121CE5ADA00EDB65F /* LaunchScreen.storyboard in Resources */,
				F0843CAE21CE5ADA00EDB65F /* Assets.xcassets in Resources */,
				F0843CA921CE5AD900EDB65F /* Main.storyboard in Resources */,
				F0D89E3021D8D7170011A0B7 /* Settings.storyboard in Resources */,
			);
			runOnlyForDeploymentPostprocessing = 0;
		};
		F0843CB521CE5ADA00EDB65F /* Resources */ = {
			isa = PBXResourcesBuildPhase;
			buildActionMask = 2147483647;
			files = (
			);
			runOnlyForDeploymentPostprocessing = 0;
		};
		F0843CC021CE5ADA00EDB65F /* Resources */ = {
			isa = PBXResourcesBuildPhase;
			buildActionMask = 2147483647;
			files = (
			);
			runOnlyForDeploymentPostprocessing = 0;
		};
		F087251E21CF6719007EB27F /* Resources */ = {
			isa = PBXResourcesBuildPhase;
			buildActionMask = 2147483647;
			files = (
				F087254C21CF8259007EB27F /* Assets.xcassets in Resources */,
			);
			runOnlyForDeploymentPostprocessing = 0;
		};
		F087252621CF6719007EB27F /* Resources */ = {
			isa = PBXResourcesBuildPhase;
			buildActionMask = 2147483647;
			files = (
			);
			runOnlyForDeploymentPostprocessing = 0;
		};
		F0D89DD821D8D32B0011A0B7 /* Resources */ = {
			isa = PBXResourcesBuildPhase;
			buildActionMask = 2147483647;
			files = (
			);
			runOnlyForDeploymentPostprocessing = 0;
		};
		F0D89DE021D8D32B0011A0B7 /* Resources */ = {
			isa = PBXResourcesBuildPhase;
			buildActionMask = 2147483647;
			files = (
			);
			runOnlyForDeploymentPostprocessing = 0;
		};
		F0D89E0021D8D6D80011A0B7 /* Resources */ = {
			isa = PBXResourcesBuildPhase;
			buildActionMask = 2147483647;
			files = (
				F0D89E0F21D8D6DA0011A0B7 /* LaunchScreen.storyboard in Resources */,
				F0D89E0C21D8D6DA0011A0B7 /* Assets.xcassets in Resources */,
				F0D89E0A21D8D6D80011A0B7 /* Settings.storyboard in Resources */,
			);
			runOnlyForDeploymentPostprocessing = 0;
		};
		F0D89E1E21D8D6DA0011A0B7 /* Resources */ = {
			isa = PBXResourcesBuildPhase;
			buildActionMask = 2147483647;
			files = (
			);
			runOnlyForDeploymentPostprocessing = 0;
		};
/* End PBXResourcesBuildPhase section */

/* Begin PBXShellScriptBuildPhase section */
		273C800FE47BD77708704944 /* [CP] Embed Pods Frameworks */ = {
			isa = PBXShellScriptBuildPhase;
			buildActionMask = 2147483647;
			files = (
			);
			inputFileListPaths = (
			);
			inputPaths = (
				"${SRCROOT}/Pods/Target Support Files/Pods-Pomodoro/Pods-Pomodoro-frameworks.sh",
				"${BUILT_PRODUCTS_DIR}/HGCircularSlider/HGCircularSlider.framework",
				"${BUILT_PRODUCTS_DIR}/SwiftDate/SwiftDate.framework",
			);
			name = "[CP] Embed Pods Frameworks";
			outputFileListPaths = (
			);
			outputPaths = (
				"${TARGET_BUILD_DIR}/${FRAMEWORKS_FOLDER_PATH}/HGCircularSlider.framework",
				"${TARGET_BUILD_DIR}/${FRAMEWORKS_FOLDER_PATH}/SwiftDate.framework",
			);
			runOnlyForDeploymentPostprocessing = 0;
			shellPath = /bin/sh;
			shellScript = "\"${SRCROOT}/Pods/Target Support Files/Pods-Pomodoro/Pods-Pomodoro-frameworks.sh\"\n";
			showEnvVarsInLog = 0;
		};
		2AC7450BFC8EAD539C8C3829 /* [CP] Check Pods Manifest.lock */ = {
			isa = PBXShellScriptBuildPhase;
			buildActionMask = 2147483647;
			files = (
			);
			inputFileListPaths = (
			);
			inputPaths = (
				"${PODS_PODFILE_DIR_PATH}/Podfile.lock",
				"${PODS_ROOT}/Manifest.lock",
			);
			name = "[CP] Check Pods Manifest.lock";
			outputFileListPaths = (
			);
			outputPaths = (
				"$(DERIVED_FILE_DIR)/Pods-SettingsApp-checkManifestLockResult.txt",
			);
			runOnlyForDeploymentPostprocessing = 0;
			shellPath = /bin/sh;
			shellScript = "diff \"${PODS_PODFILE_DIR_PATH}/Podfile.lock\" \"${PODS_ROOT}/Manifest.lock\" > /dev/null\nif [ $? != 0 ] ; then\n    # print error to STDERR\n    echo \"error: The sandbox is not in sync with the Podfile.lock. Run 'pod install' or update your CocoaPods installation.\" >&2\n    exit 1\nfi\n# This output is used by Xcode 'outputs' to avoid re-running this script phase.\necho \"SUCCESS\" > \"${SCRIPT_OUTPUT_FILE_0}\"\n";
			showEnvVarsInLog = 0;
		};
		30F0913A8AD4B7DE2EF838DE /* [CP] Check Pods Manifest.lock */ = {
			isa = PBXShellScriptBuildPhase;
			buildActionMask = 2147483647;
			files = (
			);
			inputFileListPaths = (
			);
			inputPaths = (
				"${PODS_PODFILE_DIR_PATH}/Podfile.lock",
				"${PODS_ROOT}/Manifest.lock",
			);
			name = "[CP] Check Pods Manifest.lock";
			outputFileListPaths = (
			);
			outputPaths = (
				"$(DERIVED_FILE_DIR)/Pods-PomodoroTests-checkManifestLockResult.txt",
			);
			runOnlyForDeploymentPostprocessing = 0;
			shellPath = /bin/sh;
			shellScript = "diff \"${PODS_PODFILE_DIR_PATH}/Podfile.lock\" \"${PODS_ROOT}/Manifest.lock\" > /dev/null\nif [ $? != 0 ] ; then\n    # print error to STDERR\n    echo \"error: The sandbox is not in sync with the Podfile.lock. Run 'pod install' or update your CocoaPods installation.\" >&2\n    exit 1\nfi\n# This output is used by Xcode 'outputs' to avoid re-running this script phase.\necho \"SUCCESS\" > \"${SCRIPT_OUTPUT_FILE_0}\"\n";
			showEnvVarsInLog = 0;
		};
		35AD3BBBE690CB94B9637F79 /* [CP] Check Pods Manifest.lock */ = {
			isa = PBXShellScriptBuildPhase;
			buildActionMask = 2147483647;
			files = (
			);
			inputFileListPaths = (
			);
			inputPaths = (
				"${PODS_PODFILE_DIR_PATH}/Podfile.lock",
				"${PODS_ROOT}/Manifest.lock",
			);
			name = "[CP] Check Pods Manifest.lock";
			outputFileListPaths = (
			);
			outputPaths = (
				"$(DERIVED_FILE_DIR)/Pods-Pomodoro-checkManifestLockResult.txt",
			);
			runOnlyForDeploymentPostprocessing = 0;
			shellPath = /bin/sh;
			shellScript = "diff \"${PODS_PODFILE_DIR_PATH}/Podfile.lock\" \"${PODS_ROOT}/Manifest.lock\" > /dev/null\nif [ $? != 0 ] ; then\n    # print error to STDERR\n    echo \"error: The sandbox is not in sync with the Podfile.lock. Run 'pod install' or update your CocoaPods installation.\" >&2\n    exit 1\nfi\n# This output is used by Xcode 'outputs' to avoid re-running this script phase.\necho \"SUCCESS\" > \"${SCRIPT_OUTPUT_FILE_0}\"\n";
			showEnvVarsInLog = 0;
		};
		49CD4773C8A682B4466CDCBC /* [CP] Check Pods Manifest.lock */ = {
			isa = PBXShellScriptBuildPhase;
			buildActionMask = 2147483647;
			files = (
			);
			inputFileListPaths = (
			);
			inputPaths = (
				"${PODS_PODFILE_DIR_PATH}/Podfile.lock",
				"${PODS_ROOT}/Manifest.lock",
			);
			name = "[CP] Check Pods Manifest.lock";
			outputFileListPaths = (
			);
			outputPaths = (
				"$(DERIVED_FILE_DIR)/Pods-PomodoroFoundation-checkManifestLockResult.txt",
			);
			runOnlyForDeploymentPostprocessing = 0;
			shellPath = /bin/sh;
			shellScript = "diff \"${PODS_PODFILE_DIR_PATH}/Podfile.lock\" \"${PODS_ROOT}/Manifest.lock\" > /dev/null\nif [ $? != 0 ] ; then\n    # print error to STDERR\n    echo \"error: The sandbox is not in sync with the Podfile.lock. Run 'pod install' or update your CocoaPods installation.\" >&2\n    exit 1\nfi\n# This output is used by Xcode 'outputs' to avoid re-running this script phase.\necho \"SUCCESS\" > \"${SCRIPT_OUTPUT_FILE_0}\"\n";
			showEnvVarsInLog = 0;
		};
		7A52294821814EA221E1CAA0 /* [CP] Check Pods Manifest.lock */ = {
			isa = PBXShellScriptBuildPhase;
			buildActionMask = 2147483647;
			files = (
			);
			inputFileListPaths = (
			);
			inputPaths = (
				"${PODS_PODFILE_DIR_PATH}/Podfile.lock",
				"${PODS_ROOT}/Manifest.lock",
			);
			name = "[CP] Check Pods Manifest.lock";
			outputFileListPaths = (
			);
			outputPaths = (
				"$(DERIVED_FILE_DIR)/Pods-PomodoroSettings-checkManifestLockResult.txt",
			);
			runOnlyForDeploymentPostprocessing = 0;
			shellPath = /bin/sh;
			shellScript = "diff \"${PODS_PODFILE_DIR_PATH}/Podfile.lock\" \"${PODS_ROOT}/Manifest.lock\" > /dev/null\nif [ $? != 0 ] ; then\n    # print error to STDERR\n    echo \"error: The sandbox is not in sync with the Podfile.lock. Run 'pod install' or update your CocoaPods installation.\" >&2\n    exit 1\nfi\n# This output is used by Xcode 'outputs' to avoid re-running this script phase.\necho \"SUCCESS\" > \"${SCRIPT_OUTPUT_FILE_0}\"\n";
			showEnvVarsInLog = 0;
		};
		BA4BD362B718B0FF87768459 /* [CP] Embed Pods Frameworks */ = {
			isa = PBXShellScriptBuildPhase;
			buildActionMask = 2147483647;
			files = (
			);
			inputFileListPaths = (
			);
			inputPaths = (
				"${SRCROOT}/Pods/Target Support Files/Pods-SettingsApp/Pods-SettingsApp-frameworks.sh",
				"${BUILT_PRODUCTS_DIR}/SwiftDate/SwiftDate.framework",
			);
			name = "[CP] Embed Pods Frameworks";
			outputFileListPaths = (
			);
			outputPaths = (
				"${TARGET_BUILD_DIR}/${FRAMEWORKS_FOLDER_PATH}/SwiftDate.framework",
			);
			runOnlyForDeploymentPostprocessing = 0;
			shellPath = /bin/sh;
			shellScript = "\"${SRCROOT}/Pods/Target Support Files/Pods-SettingsApp/Pods-SettingsApp-frameworks.sh\"\n";
			showEnvVarsInLog = 0;
		};
		F3C295728816B44AF24A382A /* [CP] Check Pods Manifest.lock */ = {
			isa = PBXShellScriptBuildPhase;
			buildActionMask = 2147483647;
			files = (
			);
			inputFileListPaths = (
			);
			inputPaths = (
				"${PODS_PODFILE_DIR_PATH}/Podfile.lock",
				"${PODS_ROOT}/Manifest.lock",
			);
			name = "[CP] Check Pods Manifest.lock";
			outputFileListPaths = (
			);
			outputPaths = (
				"$(DERIVED_FILE_DIR)/Pods-PomodoroUITests-checkManifestLockResult.txt",
			);
			runOnlyForDeploymentPostprocessing = 0;
			shellPath = /bin/sh;
			shellScript = "diff \"${PODS_PODFILE_DIR_PATH}/Podfile.lock\" \"${PODS_ROOT}/Manifest.lock\" > /dev/null\nif [ $? != 0 ] ; then\n    # print error to STDERR\n    echo \"error: The sandbox is not in sync with the Podfile.lock. Run 'pod install' or update your CocoaPods installation.\" >&2\n    exit 1\nfi\n# This output is used by Xcode 'outputs' to avoid re-running this script phase.\necho \"SUCCESS\" > \"${SCRIPT_OUTPUT_FILE_0}\"\n";
			showEnvVarsInLog = 0;
		};
/* End PBXShellScriptBuildPhase section */

/* Begin PBXSourcesBuildPhase section */
		F0843C9C21CE5AD900EDB65F /* Sources */ = {
			isa = PBXSourcesBuildPhase;
			buildActionMask = 2147483647;
			files = (
				F087250E21CF1264007EB27F /* DesignableView.swift in Sources */,
				F0843CAC21CE5AD900EDB65F /* Pomodoro.xcdatamodeld in Sources */,
				F0843CA621CE5AD900EDB65F /* TimerViewController.swift in Sources */,
				F0843CA421CE5AD900EDB65F /* AppDelegate.swift in Sources */,
				F09422EC21D2F60700134C63 /* TimerViewController+Extension.swift in Sources */,
			);
			runOnlyForDeploymentPostprocessing = 0;
		};
		F0843CB321CE5ADA00EDB65F /* Sources */ = {
			isa = PBXSourcesBuildPhase;
			buildActionMask = 2147483647;
			files = (
				F0843CBC21CE5ADA00EDB65F /* PomodoroTests.swift in Sources */,
			);
			runOnlyForDeploymentPostprocessing = 0;
		};
		F0843CBE21CE5ADA00EDB65F /* Sources */ = {
			isa = PBXSourcesBuildPhase;
			buildActionMask = 2147483647;
			files = (
				F0843CC721CE5ADA00EDB65F /* PomodoroUITests.swift in Sources */,
			);
			runOnlyForDeploymentPostprocessing = 0;
		};
		F087251C21CF6719007EB27F /* Sources */ = {
			isa = PBXSourcesBuildPhase;
			buildActionMask = 2147483647;
			files = (
				F0880A9E21D71FBD008AE79F /* LongBreakInterval.swift in Sources */,
				F0880A9C21D67EE7008AE79F /* NotificationManager.swift in Sources */,
				F087253F21CF6731007EB27F /* PermissionManager.swift in Sources */,
				F087254221CF6731007EB27F /* BreakInterval.swift in Sources */,
				F087253E21CF6731007EB27F /* Interval.swift in Sources */,
				F0D89DD421D8D2690011A0B7 /* UserDefault+Extension.swift in Sources */,
				F0880AA321D72DD2008AE79F /* StandardTime.swift in Sources */,
				F087254021CF6731007EB27F /* NSObject+Extension.swift in Sources */,
				F0D89DD321D8D1DA0011A0B7 /* Double+Extension.swift in Sources */,
				F087254121CF6731007EB27F /* FocusInterval.swift in Sources */,
			);
			runOnlyForDeploymentPostprocessing = 0;
		};
		F087252421CF6719007EB27F /* Sources */ = {
			isa = PBXSourcesBuildPhase;
			buildActionMask = 2147483647;
			files = (
				F0880AA021D7277F008AE79F /* LongBreakIntervalTests.swift in Sources */,
				F0880AA521D72DE6008AE79F /* StandardTimeTests.swift in Sources */,
				F087254421CF6CB0007EB27F /* BreakIntervalTests.swift in Sources */,
				F087253021CF6719007EB27F /* FocusIntervalTests.swift in Sources */,
				F0880AA221D72AB3008AE79F /* NotificationManagerTests.swift in Sources */,
				F087254621CF6DFD007EB27F /* NSObjectExtensionTests.swift in Sources */,
			);
			runOnlyForDeploymentPostprocessing = 0;
		};
		F0D89DD621D8D32B0011A0B7 /* Sources */ = {
			isa = PBXSourcesBuildPhase;
			buildActionMask = 2147483647;
			files = (
				F0D89DF921D8D3650011A0B7 /* PickerViewController.swift in Sources */,
				F0D89DF821D8D3580011A0B7 /* SettingsTableViewController.swift in Sources */,
				F0D89DFA21D8D36B0011A0B7 /* SettingCell.swift in Sources */,
				F0D89DF721D8D3460011A0B7 /* PickerUpdater.swift in Sources */,
				F0D89DFD21D8D5F80011A0B7 /* UserDefaults+Extension.swift in Sources */,
				F0D89DFB21D8D5E40011A0B7 /* SettingContent.swift in Sources */,
			);
			runOnlyForDeploymentPostprocessing = 0;
		};
		F0D89DDE21D8D32B0011A0B7 /* Sources */ = {
			isa = PBXSourcesBuildPhase;
			buildActionMask = 2147483647;
			files = (
				F0D89DEA21D8D32B0011A0B7 /* PomodoroSettingsTests.swift in Sources */,
			);
			runOnlyForDeploymentPostprocessing = 0;
		};
		F0D89DFE21D8D6D80011A0B7 /* Sources */ = {
			isa = PBXSourcesBuildPhase;
			buildActionMask = 2147483647;
			files = (
				F0D89E0721D8D6D80011A0B7 /* ViewController.swift in Sources */,
				F0D89E0521D8D6D80011A0B7 /* AppDelegate.swift in Sources */,
			);
			runOnlyForDeploymentPostprocessing = 0;
		};
		F0D89E1C21D8D6DA0011A0B7 /* Sources */ = {
			isa = PBXSourcesBuildPhase;
			buildActionMask = 2147483647;
			files = (
				F0D89E2521D8D6DA0011A0B7 /* SettingsAppUITests.swift in Sources */,
			);
			runOnlyForDeploymentPostprocessing = 0;
		};
/* End PBXSourcesBuildPhase section */

/* Begin PBXTargetDependency section */
		F0843CB921CE5ADA00EDB65F /* PBXTargetDependency */ = {
			isa = PBXTargetDependency;
			target = F0843C9F21CE5AD900EDB65F /* Pomodoro */;
			targetProxy = F0843CB821CE5ADA00EDB65F /* PBXContainerItemProxy */;
		};
		F0843CC421CE5ADA00EDB65F /* PBXTargetDependency */ = {
			isa = PBXTargetDependency;
			target = F0843C9F21CE5AD900EDB65F /* Pomodoro */;
			targetProxy = F0843CC321CE5ADA00EDB65F /* PBXContainerItemProxy */;
		};
		F087252B21CF6719007EB27F /* PBXTargetDependency */ = {
			isa = PBXTargetDependency;
			target = F087251F21CF6719007EB27F /* PomodoroFoundation */;
			targetProxy = F087252A21CF6719007EB27F /* PBXContainerItemProxy */;
		};
		F087252D21CF6719007EB27F /* PBXTargetDependency */ = {
			isa = PBXTargetDependency;
			target = F0843C9F21CE5AD900EDB65F /* Pomodoro */;
			targetProxy = F087252C21CF6719007EB27F /* PBXContainerItemProxy */;
		};
		F087253421CF6719007EB27F /* PBXTargetDependency */ = {
			isa = PBXTargetDependency;
			target = F087251F21CF6719007EB27F /* PomodoroFoundation */;
			targetProxy = F087253321CF6719007EB27F /* PBXContainerItemProxy */;
		};
		F0D89DE521D8D32B0011A0B7 /* PBXTargetDependency */ = {
			isa = PBXTargetDependency;
			target = F0D89DD921D8D32B0011A0B7 /* PomodoroSettings */;
			targetProxy = F0D89DE421D8D32B0011A0B7 /* PBXContainerItemProxy */;
		};
		F0D89DE721D8D32B0011A0B7 /* PBXTargetDependency */ = {
			isa = PBXTargetDependency;
			target = F0843C9F21CE5AD900EDB65F /* Pomodoro */;
			targetProxy = F0D89DE621D8D32B0011A0B7 /* PBXContainerItemProxy */;
		};
		F0D89DEE21D8D32B0011A0B7 /* PBXTargetDependency */ = {
			isa = PBXTargetDependency;
			target = F0D89DD921D8D32B0011A0B7 /* PomodoroSettings */;
			targetProxy = F0D89DED21D8D32B0011A0B7 /* PBXContainerItemProxy */;
		};
		F0D89E2221D8D6DA0011A0B7 /* PBXTargetDependency */ = {
			isa = PBXTargetDependency;
			target = F0D89E0121D8D6D80011A0B7 /* SettingsApp */;
			targetProxy = F0D89E2121D8D6DA0011A0B7 /* PBXContainerItemProxy */;
		};
		F0D89E3421D8D7D90011A0B7 /* PBXTargetDependency */ = {
			isa = PBXTargetDependency;
			target = F087251F21CF6719007EB27F /* PomodoroFoundation */;
			targetProxy = F0D89E3321D8D7D90011A0B7 /* PBXContainerItemProxy */;
		};
		F0D89E3821D8D7D90011A0B7 /* PBXTargetDependency */ = {
			isa = PBXTargetDependency;
			target = F0D89DD921D8D32B0011A0B7 /* PomodoroSettings */;
			targetProxy = F0D89E3721D8D7D90011A0B7 /* PBXContainerItemProxy */;
		};
/* End PBXTargetDependency section */

/* Begin PBXVariantGroup section */
		F0843CA721CE5AD900EDB65F /* Main.storyboard */ = {
			isa = PBXVariantGroup;
			children = (
				F0843CA821CE5AD900EDB65F /* Base */,
			);
			name = Main.storyboard;
			sourceTree = "<group>";
		};
		F0843CAF21CE5ADA00EDB65F /* LaunchScreen.storyboard */ = {
			isa = PBXVariantGroup;
			children = (
				F0843CB021CE5ADA00EDB65F /* Base */,
			);
			name = LaunchScreen.storyboard;
			sourceTree = "<group>";
		};
		F0D89E0821D8D6D80011A0B7 /* Settings.storyboard */ = {
			isa = PBXVariantGroup;
			children = (
				F0D89E0921D8D6D80011A0B7 /* Base */,
			);
			name = Settings.storyboard;
			sourceTree = "<group>";
		};
		F0D89E0D21D8D6DA0011A0B7 /* LaunchScreen.storyboard */ = {
			isa = PBXVariantGroup;
			children = (
				F0D89E0E21D8D6DA0011A0B7 /* Base */,
			);
			name = LaunchScreen.storyboard;
			sourceTree = "<group>";
		};
/* End PBXVariantGroup section */

/* Begin XCBuildConfiguration section */
		F0843CC921CE5ADA00EDB65F /* Debug */ = {
			isa = XCBuildConfiguration;
			buildSettings = {
				ALWAYS_SEARCH_USER_PATHS = NO;
				CLANG_ANALYZER_NONNULL = YES;
				CLANG_ANALYZER_NUMBER_OBJECT_CONVERSION = YES_AGGRESSIVE;
				CLANG_CXX_LANGUAGE_STANDARD = "gnu++14";
				CLANG_CXX_LIBRARY = "libc++";
				CLANG_ENABLE_MODULES = YES;
				CLANG_ENABLE_OBJC_ARC = YES;
				CLANG_ENABLE_OBJC_WEAK = YES;
				CLANG_WARN_BLOCK_CAPTURE_AUTORELEASING = YES;
				CLANG_WARN_BOOL_CONVERSION = YES;
				CLANG_WARN_COMMA = YES;
				CLANG_WARN_CONSTANT_CONVERSION = YES;
				CLANG_WARN_DEPRECATED_OBJC_IMPLEMENTATIONS = YES;
				CLANG_WARN_DIRECT_OBJC_ISA_USAGE = YES_ERROR;
				CLANG_WARN_DOCUMENTATION_COMMENTS = YES;
				CLANG_WARN_EMPTY_BODY = YES;
				CLANG_WARN_ENUM_CONVERSION = YES;
				CLANG_WARN_INFINITE_RECURSION = YES;
				CLANG_WARN_INT_CONVERSION = YES;
				CLANG_WARN_NON_LITERAL_NULL_CONVERSION = YES;
				CLANG_WARN_OBJC_IMPLICIT_RETAIN_SELF = YES;
				CLANG_WARN_OBJC_LITERAL_CONVERSION = YES;
				CLANG_WARN_OBJC_ROOT_CLASS = YES_ERROR;
				CLANG_WARN_RANGE_LOOP_ANALYSIS = YES;
				CLANG_WARN_STRICT_PROTOTYPES = YES;
				CLANG_WARN_SUSPICIOUS_MOVE = YES;
				CLANG_WARN_UNGUARDED_AVAILABILITY = YES_AGGRESSIVE;
				CLANG_WARN_UNREACHABLE_CODE = YES;
				CLANG_WARN__DUPLICATE_METHOD_MATCH = YES;
				CODE_SIGN_IDENTITY = "iPhone Developer";
				COPY_PHASE_STRIP = NO;
				DEBUG_INFORMATION_FORMAT = dwarf;
				ENABLE_STRICT_OBJC_MSGSEND = YES;
				ENABLE_TESTABILITY = YES;
				GCC_C_LANGUAGE_STANDARD = gnu11;
				GCC_DYNAMIC_NO_PIC = NO;
				GCC_NO_COMMON_BLOCKS = YES;
				GCC_OPTIMIZATION_LEVEL = 0;
				GCC_PREPROCESSOR_DEFINITIONS = (
					"DEBUG=1",
					"$(inherited)",
				);
				GCC_WARN_64_TO_32_BIT_CONVERSION = YES;
				GCC_WARN_ABOUT_RETURN_TYPE = YES_ERROR;
				GCC_WARN_UNDECLARED_SELECTOR = YES;
				GCC_WARN_UNINITIALIZED_AUTOS = YES_AGGRESSIVE;
				GCC_WARN_UNUSED_FUNCTION = YES;
				GCC_WARN_UNUSED_VARIABLE = YES;
				IPHONEOS_DEPLOYMENT_TARGET = 12.1;
				MTL_ENABLE_DEBUG_INFO = INCLUDE_SOURCE;
				MTL_FAST_MATH = YES;
				ONLY_ACTIVE_ARCH = YES;
				SDKROOT = iphoneos;
				SWIFT_ACTIVE_COMPILATION_CONDITIONS = DEBUG;
				SWIFT_OPTIMIZATION_LEVEL = "-Onone";
			};
			name = Debug;
		};
		F0843CCA21CE5ADA00EDB65F /* Release */ = {
			isa = XCBuildConfiguration;
			buildSettings = {
				ALWAYS_SEARCH_USER_PATHS = NO;
				CLANG_ANALYZER_NONNULL = YES;
				CLANG_ANALYZER_NUMBER_OBJECT_CONVERSION = YES_AGGRESSIVE;
				CLANG_CXX_LANGUAGE_STANDARD = "gnu++14";
				CLANG_CXX_LIBRARY = "libc++";
				CLANG_ENABLE_MODULES = YES;
				CLANG_ENABLE_OBJC_ARC = YES;
				CLANG_ENABLE_OBJC_WEAK = YES;
				CLANG_WARN_BLOCK_CAPTURE_AUTORELEASING = YES;
				CLANG_WARN_BOOL_CONVERSION = YES;
				CLANG_WARN_COMMA = YES;
				CLANG_WARN_CONSTANT_CONVERSION = YES;
				CLANG_WARN_DEPRECATED_OBJC_IMPLEMENTATIONS = YES;
				CLANG_WARN_DIRECT_OBJC_ISA_USAGE = YES_ERROR;
				CLANG_WARN_DOCUMENTATION_COMMENTS = YES;
				CLANG_WARN_EMPTY_BODY = YES;
				CLANG_WARN_ENUM_CONVERSION = YES;
				CLANG_WARN_INFINITE_RECURSION = YES;
				CLANG_WARN_INT_CONVERSION = YES;
				CLANG_WARN_NON_LITERAL_NULL_CONVERSION = YES;
				CLANG_WARN_OBJC_IMPLICIT_RETAIN_SELF = YES;
				CLANG_WARN_OBJC_LITERAL_CONVERSION = YES;
				CLANG_WARN_OBJC_ROOT_CLASS = YES_ERROR;
				CLANG_WARN_RANGE_LOOP_ANALYSIS = YES;
				CLANG_WARN_STRICT_PROTOTYPES = YES;
				CLANG_WARN_SUSPICIOUS_MOVE = YES;
				CLANG_WARN_UNGUARDED_AVAILABILITY = YES_AGGRESSIVE;
				CLANG_WARN_UNREACHABLE_CODE = YES;
				CLANG_WARN__DUPLICATE_METHOD_MATCH = YES;
				CODE_SIGN_IDENTITY = "iPhone Developer";
				COPY_PHASE_STRIP = NO;
				DEBUG_INFORMATION_FORMAT = "dwarf-with-dsym";
				ENABLE_NS_ASSERTIONS = NO;
				ENABLE_STRICT_OBJC_MSGSEND = YES;
				GCC_C_LANGUAGE_STANDARD = gnu11;
				GCC_NO_COMMON_BLOCKS = YES;
				GCC_WARN_64_TO_32_BIT_CONVERSION = YES;
				GCC_WARN_ABOUT_RETURN_TYPE = YES_ERROR;
				GCC_WARN_UNDECLARED_SELECTOR = YES;
				GCC_WARN_UNINITIALIZED_AUTOS = YES_AGGRESSIVE;
				GCC_WARN_UNUSED_FUNCTION = YES;
				GCC_WARN_UNUSED_VARIABLE = YES;
				IPHONEOS_DEPLOYMENT_TARGET = 12.1;
				MTL_ENABLE_DEBUG_INFO = NO;
				MTL_FAST_MATH = YES;
				SDKROOT = iphoneos;
				SWIFT_COMPILATION_MODE = wholemodule;
				SWIFT_OPTIMIZATION_LEVEL = "-O";
				VALIDATE_PRODUCT = YES;
			};
			name = Release;
		};
		F0843CCC21CE5ADA00EDB65F /* Debug */ = {
			isa = XCBuildConfiguration;
			baseConfigurationReference = C8F1430DB452919F67A53A2C /* Pods-Pomodoro.debug.xcconfig */;
			buildSettings = {
				ALWAYS_EMBED_SWIFT_STANDARD_LIBRARIES = "$(inherited)";
				ASSETCATALOG_COMPILER_APPICON_NAME = AppIcon;
				CODE_SIGN_STYLE = Automatic;
				DEVELOPMENT_TEAM = 7KT5X239S9;
				INFOPLIST_FILE = Pomodoro/Info.plist;
				IPHONEOS_DEPLOYMENT_TARGET = 11.0;
				LD_RUNPATH_SEARCH_PATHS = (
					"$(inherited)",
					"@executable_path/Frameworks",
				);
				PRODUCT_BUNDLE_IDENTIFIER = com.sungdoo.Pomodoro;
				PRODUCT_NAME = "$(TARGET_NAME)";
				SWIFT_VERSION = 4.2;
				TARGETED_DEVICE_FAMILY = "1,2";
			};
			name = Debug;
		};
		F0843CCD21CE5ADA00EDB65F /* Release */ = {
			isa = XCBuildConfiguration;
			baseConfigurationReference = 404297A8360FE5548B149134 /* Pods-Pomodoro.release.xcconfig */;
			buildSettings = {
				ALWAYS_EMBED_SWIFT_STANDARD_LIBRARIES = "$(inherited)";
				ASSETCATALOG_COMPILER_APPICON_NAME = AppIcon;
				CODE_SIGN_STYLE = Automatic;
				DEVELOPMENT_TEAM = 7KT5X239S9;
				INFOPLIST_FILE = Pomodoro/Info.plist;
				IPHONEOS_DEPLOYMENT_TARGET = 11.0;
				LD_RUNPATH_SEARCH_PATHS = (
					"$(inherited)",
					"@executable_path/Frameworks",
				);
				PRODUCT_BUNDLE_IDENTIFIER = com.sungdoo.Pomodoro;
				PRODUCT_NAME = "$(TARGET_NAME)";
				SWIFT_VERSION = 4.2;
				TARGETED_DEVICE_FAMILY = "1,2";
			};
			name = Release;
		};
		F0843CCF21CE5ADA00EDB65F /* Debug */ = {
			isa = XCBuildConfiguration;
			baseConfigurationReference = CD57ABA303B8C406A0690B5A /* Pods-PomodoroTests.debug.xcconfig */;
			buildSettings = {
				ALWAYS_EMBED_SWIFT_STANDARD_LIBRARIES = YES;
				BUNDLE_LOADER = "$(TEST_HOST)";
				CODE_SIGN_STYLE = Automatic;
				DEVELOPMENT_TEAM = 7KT5X239S9;
				INFOPLIST_FILE = PomodoroTests/Info.plist;
				LD_RUNPATH_SEARCH_PATHS = (
					"$(inherited)",
					"@executable_path/Frameworks",
					"@loader_path/Frameworks",
				);
				PRODUCT_BUNDLE_IDENTIFIER = com.sungdoo.PomodoroTests;
				PRODUCT_NAME = "$(TARGET_NAME)";
				SWIFT_VERSION = 4.2;
				TARGETED_DEVICE_FAMILY = "1,2";
				TEST_HOST = "$(BUILT_PRODUCTS_DIR)/Pomodoro.app/Pomodoro";
			};
			name = Debug;
		};
		F0843CD021CE5ADA00EDB65F /* Release */ = {
			isa = XCBuildConfiguration;
			baseConfigurationReference = 02171224FC74EEF6AE046A70 /* Pods-PomodoroTests.release.xcconfig */;
			buildSettings = {
				ALWAYS_EMBED_SWIFT_STANDARD_LIBRARIES = YES;
				BUNDLE_LOADER = "$(TEST_HOST)";
				CODE_SIGN_STYLE = Automatic;
				DEVELOPMENT_TEAM = 7KT5X239S9;
				INFOPLIST_FILE = PomodoroTests/Info.plist;
				LD_RUNPATH_SEARCH_PATHS = (
					"$(inherited)",
					"@executable_path/Frameworks",
					"@loader_path/Frameworks",
				);
				PRODUCT_BUNDLE_IDENTIFIER = com.sungdoo.PomodoroTests;
				PRODUCT_NAME = "$(TARGET_NAME)";
				SWIFT_VERSION = 4.2;
				TARGETED_DEVICE_FAMILY = "1,2";
				TEST_HOST = "$(BUILT_PRODUCTS_DIR)/Pomodoro.app/Pomodoro";
			};
			name = Release;
		};
		F0843CD221CE5ADA00EDB65F /* Debug */ = {
			isa = XCBuildConfiguration;
			baseConfigurationReference = AB6CDA9D8D9D3A7E836A205C /* Pods-PomodoroUITests.debug.xcconfig */;
			buildSettings = {
				ALWAYS_EMBED_SWIFT_STANDARD_LIBRARIES = YES;
				CODE_SIGN_STYLE = Automatic;
				DEVELOPMENT_TEAM = 7KT5X239S9;
				INFOPLIST_FILE = PomodoroUITests/Info.plist;
				LD_RUNPATH_SEARCH_PATHS = (
					"$(inherited)",
					"@executable_path/Frameworks",
					"@loader_path/Frameworks",
				);
				PRODUCT_BUNDLE_IDENTIFIER = com.sungdoo.PomodoroUITests;
				PRODUCT_NAME = "$(TARGET_NAME)";
				SWIFT_VERSION = 4.2;
				TARGETED_DEVICE_FAMILY = "1,2";
				TEST_TARGET_NAME = Pomodoro;
			};
			name = Debug;
		};
		F0843CD321CE5ADA00EDB65F /* Release */ = {
			isa = XCBuildConfiguration;
			baseConfigurationReference = D2DA2121686A49505BF6A637 /* Pods-PomodoroUITests.release.xcconfig */;
			buildSettings = {
				ALWAYS_EMBED_SWIFT_STANDARD_LIBRARIES = YES;
				CODE_SIGN_STYLE = Automatic;
				DEVELOPMENT_TEAM = 7KT5X239S9;
				INFOPLIST_FILE = PomodoroUITests/Info.plist;
				LD_RUNPATH_SEARCH_PATHS = (
					"$(inherited)",
					"@executable_path/Frameworks",
					"@loader_path/Frameworks",
				);
				PRODUCT_BUNDLE_IDENTIFIER = com.sungdoo.PomodoroUITests;
				PRODUCT_NAME = "$(TARGET_NAME)";
				SWIFT_VERSION = 4.2;
				TARGETED_DEVICE_FAMILY = "1,2";
				TEST_TARGET_NAME = Pomodoro;
			};
			name = Release;
		};
		F087253821CF6719007EB27F /* Debug */ = {
			isa = XCBuildConfiguration;
			baseConfigurationReference = F062E091F87C7DF1C6874B27 /* Pods-PomodoroFoundation.debug.xcconfig */;
			buildSettings = {
				CODE_SIGN_IDENTITY = "";
				CODE_SIGN_STYLE = Automatic;
				CURRENT_PROJECT_VERSION = 1;
				DEFINES_MODULE = YES;
				DYLIB_COMPATIBILITY_VERSION = 1;
				DYLIB_CURRENT_VERSION = 1;
				DYLIB_INSTALL_NAME_BASE = "@rpath";
				INFOPLIST_FILE = PomodoroFoundation/Info.plist;
				INSTALL_PATH = "$(LOCAL_LIBRARY_DIR)/Frameworks";
				IPHONEOS_DEPLOYMENT_TARGET = 11.0;
				LD_RUNPATH_SEARCH_PATHS = (
					"$(inherited)",
					"@executable_path/Frameworks",
					"@loader_path/Frameworks",
				);
				PRODUCT_BUNDLE_IDENTIFIER = com.sungdoo.PomodoroFoundation;
				PRODUCT_NAME = "$(TARGET_NAME:c99extidentifier)";
				SKIP_INSTALL = YES;
				SWIFT_VERSION = 4.2;
				TARGETED_DEVICE_FAMILY = "1,2";
				VERSIONING_SYSTEM = "apple-generic";
				VERSION_INFO_PREFIX = "";
			};
			name = Debug;
		};
		F087253921CF6719007EB27F /* Release */ = {
			isa = XCBuildConfiguration;
			baseConfigurationReference = 64CBD454E2A56E9A3E7F00E2 /* Pods-PomodoroFoundation.release.xcconfig */;
			buildSettings = {
				CODE_SIGN_IDENTITY = "";
				CODE_SIGN_STYLE = Automatic;
				CURRENT_PROJECT_VERSION = 1;
				DEFINES_MODULE = YES;
				DYLIB_COMPATIBILITY_VERSION = 1;
				DYLIB_CURRENT_VERSION = 1;
				DYLIB_INSTALL_NAME_BASE = "@rpath";
				INFOPLIST_FILE = PomodoroFoundation/Info.plist;
				INSTALL_PATH = "$(LOCAL_LIBRARY_DIR)/Frameworks";
				IPHONEOS_DEPLOYMENT_TARGET = 11.0;
				LD_RUNPATH_SEARCH_PATHS = (
					"$(inherited)",
					"@executable_path/Frameworks",
					"@loader_path/Frameworks",
				);
				PRODUCT_BUNDLE_IDENTIFIER = com.sungdoo.PomodoroFoundation;
				PRODUCT_NAME = "$(TARGET_NAME:c99extidentifier)";
				SKIP_INSTALL = YES;
				SWIFT_VERSION = 4.2;
				TARGETED_DEVICE_FAMILY = "1,2";
				VERSIONING_SYSTEM = "apple-generic";
				VERSION_INFO_PREFIX = "";
			};
			name = Release;
		};
		F087253C21CF6719007EB27F /* Debug */ = {
			isa = XCBuildConfiguration;
			buildSettings = {
				ALWAYS_EMBED_SWIFT_STANDARD_LIBRARIES = YES;
				CODE_SIGN_STYLE = Automatic;
				DEVELOPMENT_TEAM = 7KT5X239S9;
				INFOPLIST_FILE = PomodoroFoundationTests/Info.plist;
				LD_RUNPATH_SEARCH_PATHS = (
					"$(inherited)",
					"@executable_path/Frameworks",
					"@loader_path/Frameworks",
				);
				PRODUCT_BUNDLE_IDENTIFIER = com.sungdoo.PomodoroFoundationTests;
				PRODUCT_NAME = "$(TARGET_NAME)";
				SWIFT_VERSION = 4.2;
				TARGETED_DEVICE_FAMILY = "1,2";
				TEST_HOST = "$(BUILT_PRODUCTS_DIR)/Pomodoro.app/Pomodoro";
			};
			name = Debug;
		};
		F087253D21CF6719007EB27F /* Release */ = {
			isa = XCBuildConfiguration;
			buildSettings = {
				ALWAYS_EMBED_SWIFT_STANDARD_LIBRARIES = YES;
				CODE_SIGN_STYLE = Automatic;
				DEVELOPMENT_TEAM = 7KT5X239S9;
				INFOPLIST_FILE = PomodoroFoundationTests/Info.plist;
				LD_RUNPATH_SEARCH_PATHS = (
					"$(inherited)",
					"@executable_path/Frameworks",
					"@loader_path/Frameworks",
				);
				PRODUCT_BUNDLE_IDENTIFIER = com.sungdoo.PomodoroFoundationTests;
				PRODUCT_NAME = "$(TARGET_NAME)";
				SWIFT_VERSION = 4.2;
				TARGETED_DEVICE_FAMILY = "1,2";
				TEST_HOST = "$(BUILT_PRODUCTS_DIR)/Pomodoro.app/Pomodoro";
			};
			name = Release;
		};
		F0D89DF221D8D32B0011A0B7 /* Debug */ = {
			isa = XCBuildConfiguration;
			baseConfigurationReference = 05656D574EB3E24F37264C42 /* Pods-PomodoroSettings.debug.xcconfig */;
			buildSettings = {
				CODE_SIGN_IDENTITY = "";
				CODE_SIGN_STYLE = Automatic;
				CURRENT_PROJECT_VERSION = 1;
				DEFINES_MODULE = YES;
				DYLIB_COMPATIBILITY_VERSION = 1;
				DYLIB_CURRENT_VERSION = 1;
				DYLIB_INSTALL_NAME_BASE = "@rpath";
				INFOPLIST_FILE = PomodoroSettings/Info.plist;
				INSTALL_PATH = "$(LOCAL_LIBRARY_DIR)/Frameworks";
				LD_RUNPATH_SEARCH_PATHS = (
					"$(inherited)",
					"@executable_path/Frameworks",
					"@loader_path/Frameworks",
				);
				PRODUCT_BUNDLE_IDENTIFIER = com.sungdoo.PomodoroSettings;
				PRODUCT_NAME = "$(TARGET_NAME:c99extidentifier)";
				SKIP_INSTALL = YES;
				SWIFT_VERSION = 4.2;
				TARGETED_DEVICE_FAMILY = "1,2";
				VERSIONING_SYSTEM = "apple-generic";
				VERSION_INFO_PREFIX = "";
			};
			name = Debug;
		};
		F0D89DF321D8D32B0011A0B7 /* Release */ = {
			isa = XCBuildConfiguration;
			baseConfigurationReference = D7C15C8413C987C653EF257D /* Pods-PomodoroSettings.release.xcconfig */;
			buildSettings = {
				CODE_SIGN_IDENTITY = "";
				CODE_SIGN_STYLE = Automatic;
				CURRENT_PROJECT_VERSION = 1;
				DEFINES_MODULE = YES;
				DYLIB_COMPATIBILITY_VERSION = 1;
				DYLIB_CURRENT_VERSION = 1;
				DYLIB_INSTALL_NAME_BASE = "@rpath";
				INFOPLIST_FILE = PomodoroSettings/Info.plist;
				INSTALL_PATH = "$(LOCAL_LIBRARY_DIR)/Frameworks";
				LD_RUNPATH_SEARCH_PATHS = (
					"$(inherited)",
					"@executable_path/Frameworks",
					"@loader_path/Frameworks",
				);
				PRODUCT_BUNDLE_IDENTIFIER = com.sungdoo.PomodoroSettings;
				PRODUCT_NAME = "$(TARGET_NAME:c99extidentifier)";
				SKIP_INSTALL = YES;
				SWIFT_VERSION = 4.2;
				TARGETED_DEVICE_FAMILY = "1,2";
				VERSIONING_SYSTEM = "apple-generic";
				VERSION_INFO_PREFIX = "";
			};
			name = Release;
		};
		F0D89DF521D8D32B0011A0B7 /* Debug */ = {
			isa = XCBuildConfiguration;
			buildSettings = {
				ALWAYS_EMBED_SWIFT_STANDARD_LIBRARIES = YES;
				CODE_SIGN_STYLE = Automatic;
				DEVELOPMENT_TEAM = 7KT5X239S9;
				INFOPLIST_FILE = PomodoroSettingsTests/Info.plist;
				LD_RUNPATH_SEARCH_PATHS = (
					"$(inherited)",
					"@executable_path/Frameworks",
					"@loader_path/Frameworks",
				);
				PRODUCT_BUNDLE_IDENTIFIER = com.sungdoo.PomodoroSettingsTests;
				PRODUCT_NAME = "$(TARGET_NAME)";
				SWIFT_VERSION = 4.2;
				TARGETED_DEVICE_FAMILY = "1,2";
				TEST_HOST = "$(BUILT_PRODUCTS_DIR)/Pomodoro.app/Pomodoro";
			};
			name = Debug;
		};
		F0D89DF621D8D32B0011A0B7 /* Release */ = {
			isa = XCBuildConfiguration;
			buildSettings = {
				ALWAYS_EMBED_SWIFT_STANDARD_LIBRARIES = YES;
				CODE_SIGN_STYLE = Automatic;
				DEVELOPMENT_TEAM = 7KT5X239S9;
				INFOPLIST_FILE = PomodoroSettingsTests/Info.plist;
				LD_RUNPATH_SEARCH_PATHS = (
					"$(inherited)",
					"@executable_path/Frameworks",
					"@loader_path/Frameworks",
				);
				PRODUCT_BUNDLE_IDENTIFIER = com.sungdoo.PomodoroSettingsTests;
				PRODUCT_NAME = "$(TARGET_NAME)";
				SWIFT_VERSION = 4.2;
				TARGETED_DEVICE_FAMILY = "1,2";
				TEST_HOST = "$(BUILT_PRODUCTS_DIR)/Pomodoro.app/Pomodoro";
			};
			name = Release;
		};
		F0D89E2821D8D6DA0011A0B7 /* Debug */ = {
			isa = XCBuildConfiguration;
			baseConfigurationReference = 744E9710F12782374B9F251F /* Pods-SettingsApp.debug.xcconfig */;
			buildSettings = {
				ALWAYS_EMBED_SWIFT_STANDARD_LIBRARIES = YES;
				ASSETCATALOG_COMPILER_APPICON_NAME = AppIcon;
				CODE_SIGN_STYLE = Automatic;
				DEVELOPMENT_TEAM = 7KT5X239S9;
				INFOPLIST_FILE = SettingsApp/Info.plist;
				LD_RUNPATH_SEARCH_PATHS = (
					"$(inherited)",
					"@executable_path/Frameworks",
				);
				PRODUCT_BUNDLE_IDENTIFIER = com.sungdoo.SettingsApp;
				PRODUCT_NAME = "$(TARGET_NAME)";
				SWIFT_VERSION = 4.2;
				TARGETED_DEVICE_FAMILY = "1,2";
			};
			name = Debug;
		};
		F0D89E2921D8D6DA0011A0B7 /* Release */ = {
			isa = XCBuildConfiguration;
			baseConfigurationReference = D8C23AD2B0B8500DE144002D /* Pods-SettingsApp.release.xcconfig */;
			buildSettings = {
				ALWAYS_EMBED_SWIFT_STANDARD_LIBRARIES = YES;
				ASSETCATALOG_COMPILER_APPICON_NAME = AppIcon;
				CODE_SIGN_STYLE = Automatic;
				DEVELOPMENT_TEAM = 7KT5X239S9;
				INFOPLIST_FILE = SettingsApp/Info.plist;
				LD_RUNPATH_SEARCH_PATHS = (
					"$(inherited)",
					"@executable_path/Frameworks",
				);
				PRODUCT_BUNDLE_IDENTIFIER = com.sungdoo.SettingsApp;
				PRODUCT_NAME = "$(TARGET_NAME)";
				SWIFT_VERSION = 4.2;
				TARGETED_DEVICE_FAMILY = "1,2";
			};
			name = Release;
		};
		F0D89E2E21D8D6DA0011A0B7 /* Debug */ = {
			isa = XCBuildConfiguration;
			buildSettings = {
				ALWAYS_EMBED_SWIFT_STANDARD_LIBRARIES = YES;
				CODE_SIGN_STYLE = Automatic;
				DEVELOPMENT_TEAM = 7KT5X239S9;
				INFOPLIST_FILE = SettingsAppUITests/Info.plist;
				LD_RUNPATH_SEARCH_PATHS = (
					"$(inherited)",
					"@executable_path/Frameworks",
					"@loader_path/Frameworks",
				);
				PRODUCT_BUNDLE_IDENTIFIER = com.sungdoo.SettingsAppUITests;
				PRODUCT_NAME = "$(TARGET_NAME)";
				SWIFT_VERSION = 4.2;
				TARGETED_DEVICE_FAMILY = "1,2";
				TEST_TARGET_NAME = SettingsApp;
			};
			name = Debug;
		};
		F0D89E2F21D8D6DA0011A0B7 /* Release */ = {
			isa = XCBuildConfiguration;
			buildSettings = {
				ALWAYS_EMBED_SWIFT_STANDARD_LIBRARIES = YES;
				CODE_SIGN_STYLE = Automatic;
				DEVELOPMENT_TEAM = 7KT5X239S9;
				INFOPLIST_FILE = SettingsAppUITests/Info.plist;
				LD_RUNPATH_SEARCH_PATHS = (
					"$(inherited)",
					"@executable_path/Frameworks",
					"@loader_path/Frameworks",
				);
				PRODUCT_BUNDLE_IDENTIFIER = com.sungdoo.SettingsAppUITests;
				PRODUCT_NAME = "$(TARGET_NAME)";
				SWIFT_VERSION = 4.2;
				TARGETED_DEVICE_FAMILY = "1,2";
				TEST_TARGET_NAME = SettingsApp;
			};
			name = Release;
		};
/* End XCBuildConfiguration section */

/* Begin XCConfigurationList section */
		F0843C9B21CE5AD900EDB65F /* Build configuration list for PBXProject "Pomodoro" */ = {
			isa = XCConfigurationList;
			buildConfigurations = (
				F0843CC921CE5ADA00EDB65F /* Debug */,
				F0843CCA21CE5ADA00EDB65F /* Release */,
			);
			defaultConfigurationIsVisible = 0;
			defaultConfigurationName = Release;
		};
		F0843CCB21CE5ADA00EDB65F /* Build configuration list for PBXNativeTarget "Pomodoro" */ = {
			isa = XCConfigurationList;
			buildConfigurations = (
				F0843CCC21CE5ADA00EDB65F /* Debug */,
				F0843CCD21CE5ADA00EDB65F /* Release */,
			);
			defaultConfigurationIsVisible = 0;
			defaultConfigurationName = Release;
		};
		F0843CCE21CE5ADA00EDB65F /* Build configuration list for PBXNativeTarget "PomodoroTests" */ = {
			isa = XCConfigurationList;
			buildConfigurations = (
				F0843CCF21CE5ADA00EDB65F /* Debug */,
				F0843CD021CE5ADA00EDB65F /* Release */,
			);
			defaultConfigurationIsVisible = 0;
			defaultConfigurationName = Release;
		};
		F0843CD121CE5ADA00EDB65F /* Build configuration list for PBXNativeTarget "PomodoroUITests" */ = {
			isa = XCConfigurationList;
			buildConfigurations = (
				F0843CD221CE5ADA00EDB65F /* Debug */,
				F0843CD321CE5ADA00EDB65F /* Release */,
			);
			defaultConfigurationIsVisible = 0;
			defaultConfigurationName = Release;
		};
		F087253721CF6719007EB27F /* Build configuration list for PBXNativeTarget "PomodoroFoundation" */ = {
			isa = XCConfigurationList;
			buildConfigurations = (
				F087253821CF6719007EB27F /* Debug */,
				F087253921CF6719007EB27F /* Release */,
			);
			defaultConfigurationIsVisible = 0;
			defaultConfigurationName = Release;
		};
		F087253B21CF6719007EB27F /* Build configuration list for PBXNativeTarget "PomodoroFoundationTests" */ = {
			isa = XCConfigurationList;
			buildConfigurations = (
				F087253C21CF6719007EB27F /* Debug */,
				F087253D21CF6719007EB27F /* Release */,
			);
			defaultConfigurationIsVisible = 0;
			defaultConfigurationName = Release;
		};
		F0D89DF121D8D32B0011A0B7 /* Build configuration list for PBXNativeTarget "PomodoroSettings" */ = {
			isa = XCConfigurationList;
			buildConfigurations = (
				F0D89DF221D8D32B0011A0B7 /* Debug */,
				F0D89DF321D8D32B0011A0B7 /* Release */,
			);
			defaultConfigurationIsVisible = 0;
			defaultConfigurationName = Release;
		};
		F0D89DF421D8D32B0011A0B7 /* Build configuration list for PBXNativeTarget "PomodoroSettingsTests" */ = {
			isa = XCConfigurationList;
			buildConfigurations = (
				F0D89DF521D8D32B0011A0B7 /* Debug */,
				F0D89DF621D8D32B0011A0B7 /* Release */,
			);
			defaultConfigurationIsVisible = 0;
			defaultConfigurationName = Release;
		};
		F0D89E2721D8D6DA0011A0B7 /* Build configuration list for PBXNativeTarget "SettingsApp" */ = {
			isa = XCConfigurationList;
			buildConfigurations = (
				F0D89E2821D8D6DA0011A0B7 /* Debug */,
				F0D89E2921D8D6DA0011A0B7 /* Release */,
			);
			defaultConfigurationIsVisible = 0;
			defaultConfigurationName = Release;
		};
		F0D89E2D21D8D6DA0011A0B7 /* Build configuration list for PBXNativeTarget "SettingsAppUITests" */ = {
			isa = XCConfigurationList;
			buildConfigurations = (
				F0D89E2E21D8D6DA0011A0B7 /* Debug */,
				F0D89E2F21D8D6DA0011A0B7 /* Release */,
			);
			defaultConfigurationIsVisible = 0;
			defaultConfigurationName = Release;
		};
/* End XCConfigurationList section */

/* Begin XCVersionGroup section */
		F0843CAA21CE5AD900EDB65F /* Pomodoro.xcdatamodeld */ = {
			isa = XCVersionGroup;
			children = (
				F0843CAB21CE5AD900EDB65F /* Pomodoro.xcdatamodel */,
			);
			currentVersion = F0843CAB21CE5AD900EDB65F /* Pomodoro.xcdatamodel */;
			path = Pomodoro.xcdatamodeld;
			sourceTree = "<group>";
			versionGroupType = wrapper.xcdatamodel;
		};
/* End XCVersionGroup section */
	};
	rootObject = F0843C9821CE5AD900EDB65F /* Project object */;
}
